// !$*UTF8*$!
{
	archiveVersion = 1;
	classes = {
	};
	objectVersion = 55;
	objects = {

/* Begin PBXBuildFile section */
		4B01BECB2B0954D500A46A4C /* ProgressHUD in Frameworks */ = {isa = PBXBuildFile; productRef = 4B01BECA2B0954D500A46A4C /* ProgressHUD */; };
		4B01BECF2B0959E800A46A4C /* UIBlockingProgressHUD.swift in Sources */ = {isa = PBXBuildFile; fileRef = 4B01BECE2B0959E800A46A4C /* UIBlockingProgressHUD.swift */; };
		4B01BED32B0A70D100A46A4C /* ProfileService.swift in Sources */ = {isa = PBXBuildFile; fileRef = 4B01BED22B0A70D100A46A4C /* ProfileService.swift */; };
		4B01BED52B0A736D00A46A4C /* URLSession.swift in Sources */ = {isa = PBXBuildFile; fileRef = 4B01BED42B0A736D00A46A4C /* URLSession.swift */; };
		4B01BED72B0A77A800A46A4C /* TabBarController.swift in Sources */ = {isa = PBXBuildFile; fileRef = 4B01BED62B0A77A800A46A4C /* TabBarController.swift */; };
		4B01BED92B0A78B500A46A4C /* ProfileImageService.swift in Sources */ = {isa = PBXBuildFile; fileRef = 4B01BED82B0A78B500A46A4C /* ProfileImageService.swift */; };
		4B01BEDE2B0AD12700A46A4C /* Kingfisher in Frameworks */ = {isa = PBXBuildFile; productRef = 4B01BEDD2B0AD12700A46A4C /* Kingfisher */; };
		4B01BEE12B0ADD0D00A46A4C /* SwiftKeychainWrapper in Frameworks */ = {isa = PBXBuildFile; productRef = 4B01BEE02B0ADD0D00A46A4C /* SwiftKeychainWrapper */; };
		4B0A30972A29408A009693CA /* AppDelegate.swift in Sources */ = {isa = PBXBuildFile; fileRef = 4B0A30962A29408A009693CA /* AppDelegate.swift */; };
		4B0A30992A29408A009693CA /* SceneDelegate.swift in Sources */ = {isa = PBXBuildFile; fileRef = 4B0A30982A29408A009693CA /* SceneDelegate.swift */; };
		4B0A309E2A29408A009693CA /* Main.storyboard in Resources */ = {isa = PBXBuildFile; fileRef = 4B0A309C2A29408A009693CA /* Main.storyboard */; };
		4B0A30A32A29408B009693CA /* Assets.xcassets in Resources */ = {isa = PBXBuildFile; fileRef = 4B0A30A22A29408B009693CA /* Assets.xcassets */; };
		4B0A30A62A29408B009693CA /* LaunchScreen.storyboard in Resources */ = {isa = PBXBuildFile; fileRef = 4B0A30A42A29408B009693CA /* LaunchScreen.storyboard */; };
		4B0A59952AFC617F0054C175 /* ImagesListViewController.swift in Sources */ = {isa = PBXBuildFile; fileRef = 4B0A59942AFC617F0054C175 /* ImagesListViewController.swift */; };
		4B4CB9AE2B0F908200548D03 /* ImagesListService.swift in Sources */ = {isa = PBXBuildFile; fileRef = 4B4CB9AD2B0F908200548D03 /* ImagesListService.swift */; };
		4B79045D2B03F554008FE1CD /* AuthConfiguration.swift in Sources */ = {isa = PBXBuildFile; fileRef = 4B79045C2B03F554008FE1CD /* AuthConfiguration.swift */; };
		4B79045F2B042DC8008FE1CD /* AuthViewController.swift in Sources */ = {isa = PBXBuildFile; fileRef = 4B79045E2B042DC8008FE1CD /* AuthViewController.swift */; };
		4B7904622B043435008FE1CD /* WebViewViewController.swift in Sources */ = {isa = PBXBuildFile; fileRef = 4B7904612B043435008FE1CD /* WebViewViewController.swift */; };
		4B7904642B0571A5008FE1CD /* OAuth2Service.swift in Sources */ = {isa = PBXBuildFile; fileRef = 4B7904632B0571A5008FE1CD /* OAuth2Service.swift */; };
		4B7904662B059D7B008FE1CD /* SplashViewController.swift in Sources */ = {isa = PBXBuildFile; fileRef = 4B7904652B059D7B008FE1CD /* SplashViewController.swift */; };
		4B7904692B059E18008FE1CD /* OAuth2TokenStorage.swift in Sources */ = {isa = PBXBuildFile; fileRef = 4B7904682B059E18008FE1CD /* OAuth2TokenStorage.swift */; };
		4B7904782B065311008FE1CD /* NetworkClient.swift in Sources */ = {isa = PBXBuildFile; fileRef = 4B7904772B065311008FE1CD /* NetworkClient.swift */; };
		4B9B7C1A2B13EBD10052C833 /* AuthHelper.swift in Sources */ = {isa = PBXBuildFile; fileRef = 4B9B7C192B13EBD10052C833 /* AuthHelper.swift */; };
		4B9B7C1C2B13EC0F0052C833 /* AuthViewControllerDelegate.swift in Sources */ = {isa = PBXBuildFile; fileRef = 4B9B7C1B2B13EC0F0052C833 /* AuthViewControllerDelegate.swift */; };
		4B9B7C1F2B13ECE00052C833 /* WebViewPresenter.swift in Sources */ = {isa = PBXBuildFile; fileRef = 4B9B7C1E2B13ECE00052C833 /* WebViewPresenter.swift */; };
		4B9B7C212B13ECEC0052C833 /* WebViewControllerDelegate.swift in Sources */ = {isa = PBXBuildFile; fileRef = 4B9B7C202B13ECEC0052C833 /* WebViewControllerDelegate.swift */; };
		4B9B7C242B13EF630052C833 /* AlertPresenter.swift in Sources */ = {isa = PBXBuildFile; fileRef = 4B9B7C232B13EF630052C833 /* AlertPresenter.swift */; };
		4B9B7C262B13EF800052C833 /* AlertPresenterProtocol.swift in Sources */ = {isa = PBXBuildFile; fileRef = 4B9B7C252B13EF800052C833 /* AlertPresenterProtocol.swift */; };
		4B9B7C292B13F0200052C833 /* OAuthTokenResponseBody.swift in Sources */ = {isa = PBXBuildFile; fileRef = 4B9B7C282B13F0200052C833 /* OAuthTokenResponseBody.swift */; };
		4B9B7C2B2B13F05B0052C833 /* AlertModel.swift in Sources */ = {isa = PBXBuildFile; fileRef = 4B9B7C2A2B13F05B0052C833 /* AlertModel.swift */; };
		4B9B7C2D2B13F08C0052C833 /* ProfileResultModel.swift in Sources */ = {isa = PBXBuildFile; fileRef = 4B9B7C2C2B13F08C0052C833 /* ProfileResultModel.swift */; };
		4B9B7C2F2B13F0C80052C833 /* ProfileModel.swift in Sources */ = {isa = PBXBuildFile; fileRef = 4B9B7C2E2B13F0C80052C833 /* ProfileModel.swift */; };
		4B9B7C312B13F1940052C833 /* UserResultModel.swift in Sources */ = {isa = PBXBuildFile; fileRef = 4B9B7C302B13F1940052C833 /* UserResultModel.swift */; };
		4B9B7C332B13F2130052C833 /* ProfileImageModel.swift in Sources */ = {isa = PBXBuildFile; fileRef = 4B9B7C322B13F2130052C833 /* ProfileImageModel.swift */; };
		4B9B7C352B13F29E0052C833 /* ImageListModel.swift in Sources */ = {isa = PBXBuildFile; fileRef = 4B9B7C342B13F29E0052C833 /* ImageListModel.swift */; };
		4B9B7C382B1409E10052C833 /* URLRequestExtension.swift in Sources */ = {isa = PBXBuildFile; fileRef = 4B9B7C372B1409E10052C833 /* URLRequestExtension.swift */; };
		4B9B7C482B146E1C0052C833 /* WebViewTests.swift in Sources */ = {isa = PBXBuildFile; fileRef = 4B9B7C472B146E1C0052C833 /* WebViewTests.swift */; };
		4B9B7C5B2B146E810052C833 /* WebViewPresenterSpy.swift in Sources */ = {isa = PBXBuildFile; fileRef = 4B9B7C542B146E740052C833 /* WebViewPresenterSpy.swift */; };
		4B9B7C632B147C7E0052C833 /* ImageListViewTests.swift in Sources */ = {isa = PBXBuildFile; fileRef = 4B9B7C622B147C7E0052C833 /* ImageListViewTests.swift */; };
		4B9B7C762B147DA20052C833 /* WebViewControllerSpy.swift in Sources */ = {isa = PBXBuildFile; fileRef = 4B9B7C6F2B147D9A0052C833 /* WebViewControllerSpy.swift */; };
		4B9B7C952B1480990052C833 /* ImageListVIewPresenter.swift in Sources */ = {isa = PBXBuildFile; fileRef = 4B9B7C942B1480990052C833 /* ImageListVIewPresenter.swift */; };
		4B9B7C9F2B149B0B0052C833 /* ProfileTests.swift in Sources */ = {isa = PBXBuildFile; fileRef = 4B9B7C9E2B149B0B0052C833 /* ProfileTests.swift */; };
		4B9B7CA62B149C040052C833 /* ProfileViewController.swift in Sources */ = {isa = PBXBuildFile; fileRef = 4B9B7CA52B149C040052C833 /* ProfileViewController.swift */; };
		4B9B7CB02B14F9150052C833 /* ImageFeedUITestsLaunchTest.swift in Sources */ = {isa = PBXBuildFile; fileRef = 4B9B7CAF2B14F9150052C833 /* ImageFeedUITestsLaunchTest.swift */; };
		4B9B7CB72B1504640052C833 /* ImageFeedUITest.swift in Sources */ = {isa = PBXBuildFile; fileRef = 4B9B7C7F2B147FF30052C833 /* ImageFeedUITest.swift */; };
		4B9E180D2AFC06ED0023F657 /* ImagesListCell.swift in Sources */ = {isa = PBXBuildFile; fileRef = 4B9E180C2AFC06ED0023F657 /* ImagesListCell.swift */; };
		4BF93E892AFE95BB00EF3749 /* ProfileViewPresenter..swift in Sources */ = {isa = PBXBuildFile; fileRef = 4BF93E882AFE95BB00EF3749 /* ProfileViewPresenter..swift */; };
		4BF93E8B2AFEECE400EF3749 /* SingleImageViewController.swift in Sources */ = {isa = PBXBuildFile; fileRef = 4BF93E8A2AFEECE400EF3749 /* SingleImageViewController.swift */; };
		4BF93E8E2B02ECEC00EF3749 /* UIColor+Extensions.swift in Sources */ = {isa = PBXBuildFile; fileRef = 4BF93E8D2B02ECEC00EF3749 /* UIColor+Extensions.swift */; };
/* End PBXBuildFile section */

/* Begin PBXContainerItemProxy section */
		4B4CB9B72B0F9D5400548D03 /* PBXContainerItemProxy */ = {
			isa = PBXContainerItemProxy;
			containerPortal = 4B0A308B2A29408A009693CA /* Project object */;
			proxyType = 1;
			remoteGlobalIDString = 4B0A30922A29408A009693CA;
			remoteInfo = ImageFeed;
		};
		4B9B7C0E2B13E8270052C833 /* PBXContainerItemProxy */ = {
			isa = PBXContainerItemProxy;
			containerPortal = 4B0A308B2A29408A009693CA /* Project object */;
			proxyType = 1;
			remoteGlobalIDString = 4B0A30922A29408A009693CA;
			remoteInfo = ImageFeed;
		};
		4B9B7C492B146E1C0052C833 /* PBXContainerItemProxy */ = {
			isa = PBXContainerItemProxy;
			containerPortal = 4B0A308B2A29408A009693CA /* Project object */;
			proxyType = 1;
			remoteGlobalIDString = 4B0A30922A29408A009693CA;
			remoteInfo = ImageFeed;
		};
		4B9B7C562B146E740052C833 /* PBXContainerItemProxy */ = {
			isa = PBXContainerItemProxy;
			containerPortal = 4B0A308B2A29408A009693CA /* Project object */;
			proxyType = 1;
			remoteGlobalIDString = 4B0A30922A29408A009693CA;
			remoteInfo = ImageFeed;
		};
		4B9B7C642B147C7E0052C833 /* PBXContainerItemProxy */ = {
			isa = PBXContainerItemProxy;
			containerPortal = 4B0A308B2A29408A009693CA /* Project object */;
			proxyType = 1;
			remoteGlobalIDString = 4B0A30922A29408A009693CA;
			remoteInfo = ImageFeed;
		};
		4B9B7C712B147D9A0052C833 /* PBXContainerItemProxy */ = {
			isa = PBXContainerItemProxy;
			containerPortal = 4B0A308B2A29408A009693CA /* Project object */;
			proxyType = 1;
			remoteGlobalIDString = 4B0A30922A29408A009693CA;
			remoteInfo = ImageFeed;
		};
		4B9B7C812B147FF30052C833 /* PBXContainerItemProxy */ = {
			isa = PBXContainerItemProxy;
			containerPortal = 4B0A308B2A29408A009693CA /* Project object */;
			proxyType = 1;
			remoteGlobalIDString = 4B0A30922A29408A009693CA;
			remoteInfo = ImageFeed;
		};
		4B9B7C8E2B1480420052C833 /* PBXContainerItemProxy */ = {
			isa = PBXContainerItemProxy;
			containerPortal = 4B0A308B2A29408A009693CA /* Project object */;
			proxyType = 1;
			remoteGlobalIDString = 4B0A30922A29408A009693CA;
			remoteInfo = ImageFeed;
		};
		4B9B7CA02B149B0B0052C833 /* PBXContainerItemProxy */ = {
			isa = PBXContainerItemProxy;
			containerPortal = 4B0A308B2A29408A009693CA /* Project object */;
			proxyType = 1;
			remoteGlobalIDString = 4B0A30922A29408A009693CA;
			remoteInfo = ImageFeed;
		};
		4B9B7CB12B14F9150052C833 /* PBXContainerItemProxy */ = {
			isa = PBXContainerItemProxy;
			containerPortal = 4B0A308B2A29408A009693CA /* Project object */;
			proxyType = 1;
			remoteGlobalIDString = 4B0A30922A29408A009693CA;
			remoteInfo = ImageFeed;
		};
/* End PBXContainerItemProxy section */

/* Begin PBXFileReference section */
		4B01BECE2B0959E800A46A4C /* UIBlockingProgressHUD.swift */ = {isa = PBXFileReference; lastKnownFileType = sourcecode.swift; path = UIBlockingProgressHUD.swift; sourceTree = "<group>"; };
		4B01BED22B0A70D100A46A4C /* ProfileService.swift */ = {isa = PBXFileReference; lastKnownFileType = sourcecode.swift; path = ProfileService.swift; sourceTree = "<group>"; };
		4B01BED42B0A736D00A46A4C /* URLSession.swift */ = {isa = PBXFileReference; lastKnownFileType = sourcecode.swift; path = URLSession.swift; sourceTree = "<group>"; };
		4B01BED62B0A77A800A46A4C /* TabBarController.swift */ = {isa = PBXFileReference; lastKnownFileType = sourcecode.swift; path = TabBarController.swift; sourceTree = "<group>"; };
		4B01BED82B0A78B500A46A4C /* ProfileImageService.swift */ = {isa = PBXFileReference; lastKnownFileType = sourcecode.swift; path = ProfileImageService.swift; sourceTree = "<group>"; };
		4B0A30932A29408A009693CA /* ImageFeed.app */ = {isa = PBXFileReference; explicitFileType = wrapper.application; includeInIndex = 0; path = ImageFeed.app; sourceTree = BUILT_PRODUCTS_DIR; };
		4B0A30962A29408A009693CA /* AppDelegate.swift */ = {isa = PBXFileReference; lastKnownFileType = sourcecode.swift; path = AppDelegate.swift; sourceTree = "<group>"; };
		4B0A30982A29408A009693CA /* SceneDelegate.swift */ = {isa = PBXFileReference; lastKnownFileType = sourcecode.swift; path = SceneDelegate.swift; sourceTree = "<group>"; };
		4B0A309D2A29408A009693CA /* Base */ = {isa = PBXFileReference; lastKnownFileType = file.storyboard; name = Base; path = Base.lproj/Main.storyboard; sourceTree = "<group>"; };
		4B0A30A22A29408B009693CA /* Assets.xcassets */ = {isa = PBXFileReference; lastKnownFileType = folder.assetcatalog; path = Assets.xcassets; sourceTree = "<group>"; };
		4B0A30A52A29408B009693CA /* Base */ = {isa = PBXFileReference; lastKnownFileType = file.storyboard; name = Base; path = Base.lproj/LaunchScreen.storyboard; sourceTree = "<group>"; };
		4B0A30A72A29408B009693CA /* Info.plist */ = {isa = PBXFileReference; lastKnownFileType = text.plist.xml; path = Info.plist; sourceTree = "<group>"; };
		4B0A59942AFC617F0054C175 /* ImagesListViewController.swift */ = {isa = PBXFileReference; fileEncoding = 4; lastKnownFileType = sourcecode.swift; path = ImagesListViewController.swift; sourceTree = "<group>"; };
		4B4CB9AD2B0F908200548D03 /* ImagesListService.swift */ = {isa = PBXFileReference; lastKnownFileType = sourcecode.swift; path = ImagesListService.swift; sourceTree = "<group>"; };
		4B4CB9B32B0F9D5400548D03 /* ImageFeedTests.xctest */ = {isa = PBXFileReference; explicitFileType = wrapper.cfbundle; includeInIndex = 0; path = ImageFeedTests.xctest; sourceTree = BUILT_PRODUCTS_DIR; };
		4B79045C2B03F554008FE1CD /* AuthConfiguration.swift */ = {isa = PBXFileReference; lastKnownFileType = sourcecode.swift; path = AuthConfiguration.swift; sourceTree = "<group>"; };
		4B79045E2B042DC8008FE1CD /* AuthViewController.swift */ = {isa = PBXFileReference; lastKnownFileType = sourcecode.swift; path = AuthViewController.swift; sourceTree = "<group>"; };
		4B7904612B043435008FE1CD /* WebViewViewController.swift */ = {isa = PBXFileReference; lastKnownFileType = sourcecode.swift; path = WebViewViewController.swift; sourceTree = "<group>"; };
		4B7904632B0571A5008FE1CD /* OAuth2Service.swift */ = {isa = PBXFileReference; lastKnownFileType = sourcecode.swift; path = OAuth2Service.swift; sourceTree = "<group>"; };
		4B7904652B059D7B008FE1CD /* SplashViewController.swift */ = {isa = PBXFileReference; lastKnownFileType = sourcecode.swift; path = SplashViewController.swift; sourceTree = "<group>"; };
		4B7904682B059E18008FE1CD /* OAuth2TokenStorage.swift */ = {isa = PBXFileReference; lastKnownFileType = sourcecode.swift; path = OAuth2TokenStorage.swift; sourceTree = "<group>"; };
		4B7904772B065311008FE1CD /* NetworkClient.swift */ = {isa = PBXFileReference; lastKnownFileType = sourcecode.swift; path = NetworkClient.swift; sourceTree = "<group>"; };
		4B9B7C0A2B13E8270052C833 /* ImageFeedTest.xctest */ = {isa = PBXFileReference; explicitFileType = wrapper.cfbundle; includeInIndex = 0; path = ImageFeedTest.xctest; sourceTree = BUILT_PRODUCTS_DIR; };
		4B9B7C192B13EBD10052C833 /* AuthHelper.swift */ = {isa = PBXFileReference; lastKnownFileType = sourcecode.swift; path = AuthHelper.swift; sourceTree = "<group>"; };
		4B9B7C1B2B13EC0F0052C833 /* AuthViewControllerDelegate.swift */ = {isa = PBXFileReference; lastKnownFileType = sourcecode.swift; path = AuthViewControllerDelegate.swift; sourceTree = "<group>"; };
		4B9B7C1E2B13ECE00052C833 /* WebViewPresenter.swift */ = {isa = PBXFileReference; lastKnownFileType = sourcecode.swift; path = WebViewPresenter.swift; sourceTree = "<group>"; };
		4B9B7C202B13ECEC0052C833 /* WebViewControllerDelegate.swift */ = {isa = PBXFileReference; lastKnownFileType = sourcecode.swift; path = WebViewControllerDelegate.swift; sourceTree = "<group>"; };
		4B9B7C232B13EF630052C833 /* AlertPresenter.swift */ = {isa = PBXFileReference; lastKnownFileType = sourcecode.swift; path = AlertPresenter.swift; sourceTree = "<group>"; };
		4B9B7C252B13EF800052C833 /* AlertPresenterProtocol.swift */ = {isa = PBXFileReference; lastKnownFileType = sourcecode.swift; path = AlertPresenterProtocol.swift; sourceTree = "<group>"; };
		4B9B7C282B13F0200052C833 /* OAuthTokenResponseBody.swift */ = {isa = PBXFileReference; lastKnownFileType = sourcecode.swift; path = OAuthTokenResponseBody.swift; sourceTree = "<group>"; };
		4B9B7C2A2B13F05B0052C833 /* AlertModel.swift */ = {isa = PBXFileReference; lastKnownFileType = sourcecode.swift; path = AlertModel.swift; sourceTree = "<group>"; };
		4B9B7C2C2B13F08C0052C833 /* ProfileResultModel.swift */ = {isa = PBXFileReference; lastKnownFileType = sourcecode.swift; path = ProfileResultModel.swift; sourceTree = "<group>"; };
		4B9B7C2E2B13F0C80052C833 /* ProfileModel.swift */ = {isa = PBXFileReference; lastKnownFileType = sourcecode.swift; path = ProfileModel.swift; sourceTree = "<group>"; };
		4B9B7C302B13F1940052C833 /* UserResultModel.swift */ = {isa = PBXFileReference; lastKnownFileType = sourcecode.swift; path = UserResultModel.swift; sourceTree = "<group>"; };
		4B9B7C322B13F2130052C833 /* ProfileImageModel.swift */ = {isa = PBXFileReference; lastKnownFileType = sourcecode.swift; path = ProfileImageModel.swift; sourceTree = "<group>"; };
		4B9B7C342B13F29E0052C833 /* ImageListModel.swift */ = {isa = PBXFileReference; lastKnownFileType = sourcecode.swift; path = ImageListModel.swift; sourceTree = "<group>"; };
		4B9B7C372B1409E10052C833 /* URLRequestExtension.swift */ = {isa = PBXFileReference; lastKnownFileType = sourcecode.swift; path = URLRequestExtension.swift; sourceTree = "<group>"; };
		4B9B7C452B146E1C0052C833 /* WebViewTests.xctest */ = {isa = PBXFileReference; explicitFileType = wrapper.cfbundle; includeInIndex = 0; path = WebViewTests.xctest; sourceTree = BUILT_PRODUCTS_DIR; };
		4B9B7C472B146E1C0052C833 /* WebViewTests.swift */ = {isa = PBXFileReference; lastKnownFileType = sourcecode.swift; path = WebViewTests.swift; sourceTree = "<group>"; };
		4B9B7C522B146E740052C833 /* WebViewPresenterSpy.xctest */ = {isa = PBXFileReference; explicitFileType = wrapper.cfbundle; includeInIndex = 0; path = WebViewPresenterSpy.xctest; sourceTree = BUILT_PRODUCTS_DIR; };
		4B9B7C542B146E740052C833 /* WebViewPresenterSpy.swift */ = {isa = PBXFileReference; lastKnownFileType = sourcecode.swift; path = WebViewPresenterSpy.swift; sourceTree = "<group>"; };
		4B9B7C602B147C7E0052C833 /* ImageListViewTests.xctest */ = {isa = PBXFileReference; explicitFileType = wrapper.cfbundle; includeInIndex = 0; path = ImageListViewTests.xctest; sourceTree = BUILT_PRODUCTS_DIR; };
		4B9B7C622B147C7E0052C833 /* ImageListViewTests.swift */ = {isa = PBXFileReference; lastKnownFileType = sourcecode.swift; path = ImageListViewTests.swift; sourceTree = "<group>"; };
		4B9B7C6D2B147D9A0052C833 /* WebViewControllerSpy.xctest */ = {isa = PBXFileReference; explicitFileType = wrapper.cfbundle; includeInIndex = 0; path = WebViewControllerSpy.xctest; sourceTree = BUILT_PRODUCTS_DIR; };
		4B9B7C6F2B147D9A0052C833 /* WebViewControllerSpy.swift */ = {isa = PBXFileReference; lastKnownFileType = sourcecode.swift; path = WebViewControllerSpy.swift; sourceTree = "<group>"; };
		4B9B7C7D2B147FF30052C833 /* ImageFeedUITest.xctest */ = {isa = PBXFileReference; explicitFileType = wrapper.cfbundle; includeInIndex = 0; path = ImageFeedUITest.xctest; sourceTree = BUILT_PRODUCTS_DIR; };
		4B9B7C7F2B147FF30052C833 /* ImageFeedUITest.swift */ = {isa = PBXFileReference; lastKnownFileType = sourcecode.swift; path = ImageFeedUITest.swift; sourceTree = "<group>"; };
		4B9B7C8A2B1480420052C833 /* ImageFeedUITestsLaunchTests.xctest */ = {isa = PBXFileReference; explicitFileType = wrapper.cfbundle; includeInIndex = 0; path = ImageFeedUITestsLaunchTests.xctest; sourceTree = BUILT_PRODUCTS_DIR; };
		4B9B7C942B1480990052C833 /* ImageListVIewPresenter.swift */ = {isa = PBXFileReference; lastKnownFileType = sourcecode.swift; path = ImageListVIewPresenter.swift; sourceTree = "<group>"; };
		4B9B7C9C2B149B0B0052C833 /* ProfileTests.xctest */ = {isa = PBXFileReference; explicitFileType = wrapper.cfbundle; includeInIndex = 0; path = ProfileTests.xctest; sourceTree = BUILT_PRODUCTS_DIR; };
		4B9B7C9E2B149B0B0052C833 /* ProfileTests.swift */ = {isa = PBXFileReference; lastKnownFileType = sourcecode.swift; path = ProfileTests.swift; sourceTree = "<group>"; };
		4B9B7CA52B149C040052C833 /* ProfileViewController.swift */ = {isa = PBXFileReference; lastKnownFileType = sourcecode.swift; path = ProfileViewController.swift; sourceTree = "<group>"; };
		4B9B7CAD2B14F9150052C833 /* ImageFeedUITestsLaunchTest.xctest */ = {isa = PBXFileReference; explicitFileType = wrapper.cfbundle; includeInIndex = 0; path = ImageFeedUITestsLaunchTest.xctest; sourceTree = BUILT_PRODUCTS_DIR; };
		4B9B7CAF2B14F9150052C833 /* ImageFeedUITestsLaunchTest.swift */ = {isa = PBXFileReference; lastKnownFileType = sourcecode.swift; path = ImageFeedUITestsLaunchTest.swift; sourceTree = "<group>"; };
		4B9E180C2AFC06ED0023F657 /* ImagesListCell.swift */ = {isa = PBXFileReference; lastKnownFileType = sourcecode.swift; path = ImagesListCell.swift; sourceTree = "<group>"; };
		4BF93E882AFE95BB00EF3749 /* ProfileViewPresenter..swift */ = {isa = PBXFileReference; lastKnownFileType = sourcecode.swift; path = ProfileViewPresenter..swift; sourceTree = "<group>"; };
		4BF93E8A2AFEECE400EF3749 /* SingleImageViewController.swift */ = {isa = PBXFileReference; lastKnownFileType = sourcecode.swift; path = SingleImageViewController.swift; sourceTree = "<group>"; };
		4BF93E8D2B02ECEC00EF3749 /* UIColor+Extensions.swift */ = {isa = PBXFileReference; lastKnownFileType = sourcecode.swift; path = "UIColor+Extensions.swift"; sourceTree = "<group>"; };
/* End PBXFileReference section */

/* Begin PBXFrameworksBuildPhase section */
		4B0A30902A29408A009693CA /* Frameworks */ = {
			isa = PBXFrameworksBuildPhase;
			buildActionMask = 2147483647;
			files = (
				4B01BEDE2B0AD12700A46A4C /* Kingfisher in Frameworks */,
				4B01BECB2B0954D500A46A4C /* ProgressHUD in Frameworks */,
				4B01BEE12B0ADD0D00A46A4C /* SwiftKeychainWrapper in Frameworks */,
			);
			runOnlyForDeploymentPostprocessing = 0;
		};
		4B4CB9B02B0F9D5400548D03 /* Frameworks */ = {
			isa = PBXFrameworksBuildPhase;
			buildActionMask = 2147483647;
			files = (
			);
			runOnlyForDeploymentPostprocessing = 0;
		};
		4B9B7C072B13E8270052C833 /* Frameworks */ = {
			isa = PBXFrameworksBuildPhase;
			buildActionMask = 2147483647;
			files = (
			);
			runOnlyForDeploymentPostprocessing = 0;
		};
		4B9B7C422B146E1C0052C833 /* Frameworks */ = {
			isa = PBXFrameworksBuildPhase;
			buildActionMask = 2147483647;
			files = (
			);
			runOnlyForDeploymentPostprocessing = 0;
		};
		4B9B7C4F2B146E740052C833 /* Frameworks */ = {
			isa = PBXFrameworksBuildPhase;
			buildActionMask = 2147483647;
			files = (
			);
			runOnlyForDeploymentPostprocessing = 0;
		};
		4B9B7C5D2B147C7E0052C833 /* Frameworks */ = {
			isa = PBXFrameworksBuildPhase;
			buildActionMask = 2147483647;
			files = (
			);
			runOnlyForDeploymentPostprocessing = 0;
		};
		4B9B7C6A2B147D9A0052C833 /* Frameworks */ = {
			isa = PBXFrameworksBuildPhase;
			buildActionMask = 2147483647;
			files = (
			);
			runOnlyForDeploymentPostprocessing = 0;
		};
		4B9B7C7A2B147FF30052C833 /* Frameworks */ = {
			isa = PBXFrameworksBuildPhase;
			buildActionMask = 2147483647;
			files = (
			);
			runOnlyForDeploymentPostprocessing = 0;
		};
		4B9B7C872B1480420052C833 /* Frameworks */ = {
			isa = PBXFrameworksBuildPhase;
			buildActionMask = 2147483647;
			files = (
			);
			runOnlyForDeploymentPostprocessing = 0;
		};
		4B9B7C992B149B0B0052C833 /* Frameworks */ = {
			isa = PBXFrameworksBuildPhase;
			buildActionMask = 2147483647;
			files = (
			);
			runOnlyForDeploymentPostprocessing = 0;
		};
		4B9B7CAA2B14F9150052C833 /* Frameworks */ = {
			isa = PBXFrameworksBuildPhase;
			buildActionMask = 2147483647;
			files = (
			);
			runOnlyForDeploymentPostprocessing = 0;
		};
/* End PBXFrameworksBuildPhase section */

/* Begin PBXGroup section */
		4B0A308A2A29408A009693CA = {
			isa = PBXGroup;
			children = (
				4B0A30952A29408A009693CA /* ImageFeed */,
				4B9B7C0B2B13E8270052C833 /* ImageFeedTests */,
				4B9B7C7E2B147FF30052C833 /* ImageFeedUITest */,
				4B9B7CAE2B14F9150052C833 /* ImageFeedUITestsLaunchTest */,
				4B0A30942A29408A009693CA /* Products */,
			);
			sourceTree = "<group>";
		};
		4B0A30942A29408A009693CA /* Products */ = {
			isa = PBXGroup;
			children = (
				4B0A30932A29408A009693CA /* ImageFeed.app */,
				4B4CB9B32B0F9D5400548D03 /* ImageFeedTests.xctest */,
				4B9B7C0A2B13E8270052C833 /* ImageFeedTest.xctest */,
				4B9B7C452B146E1C0052C833 /* WebViewTests.xctest */,
				4B9B7C522B146E740052C833 /* WebViewPresenterSpy.xctest */,
				4B9B7C602B147C7E0052C833 /* ImageListViewTests.xctest */,
				4B9B7C6D2B147D9A0052C833 /* WebViewControllerSpy.xctest */,
				4B9B7C7D2B147FF30052C833 /* ImageFeedUITest.xctest */,
				4B9B7C8A2B1480420052C833 /* ImageFeedUITestsLaunchTests.xctest */,
				4B9B7C9C2B149B0B0052C833 /* ProfileTests.xctest */,
				4B9B7CAD2B14F9150052C833 /* ImageFeedUITestsLaunchTest.xctest */,
			);
			name = Products;
			sourceTree = "<group>";
		};
		4B0A30952A29408A009693CA /* ImageFeed */ = {
			isa = PBXGroup;
			children = (
				4B9B7C362B13F9400052C833 /* TabBarController */,
				4B9B7C272B13EFAC0052C833 /* Model */,
				4B9B7C222B13EF230052C833 /* Alert */,
				4B9B7C1D2B13EC980052C833 /* Web */,
				4B0A59972AFCBAC50054C175 /* ImagesList */,
				4B7904602B04323A008FE1CD /* Auth */,
				4B79046A2B059E9A008FE1CD /* OAuth2 */,
				4B7904672B059D7F008FE1CD /* SplashViewController */,
				4BF93E872AFE957000EF3749 /* Profile */,
				4BF93E8C2AFEF36C00EF3749 /* SingleImage */,
				4B7904792B06535D008FE1CD /* Services */,
				4B0A30962A29408A009693CA /* AppDelegate.swift */,
				4B0A30982A29408A009693CA /* SceneDelegate.swift */,
				4B0A309C2A29408A009693CA /* Main.storyboard */,
				4B0A30A22A29408B009693CA /* Assets.xcassets */,
				4B0A30A42A29408B009693CA /* LaunchScreen.storyboard */,
				4B0A30A72A29408B009693CA /* Info.plist */,
				4BF93E8F2B02ECFB00EF3749 /* Helper */,
			);
			path = ImageFeed;
			sourceTree = "<group>";
		};
		4B0A59972AFCBAC50054C175 /* ImagesList */ = {
			isa = PBXGroup;
			children = (
				4B0A59942AFC617F0054C175 /* ImagesListViewController.swift */,
				4B9E180C2AFC06ED0023F657 /* ImagesListCell.swift */,
				4B4CB9AD2B0F908200548D03 /* ImagesListService.swift */,
				4B9B7C942B1480990052C833 /* ImageListVIewPresenter.swift */,
			);
			path = ImagesList;
			sourceTree = "<group>";
		};
		4B7904602B04323A008FE1CD /* Auth */ = {
			isa = PBXGroup;
			children = (
				4B79045E2B042DC8008FE1CD /* AuthViewController.swift */,
				4B9B7C192B13EBD10052C833 /* AuthHelper.swift */,
				4B9B7C1B2B13EC0F0052C833 /* AuthViewControllerDelegate.swift */,
			);
			path = Auth;
			sourceTree = "<group>";
		};
		4B7904672B059D7F008FE1CD /* SplashViewController */ = {
			isa = PBXGroup;
			children = (
				4B7904652B059D7B008FE1CD /* SplashViewController.swift */,
			);
			path = SplashViewController;
			sourceTree = "<group>";
		};
		4B79046A2B059E9A008FE1CD /* OAuth2 */ = {
			isa = PBXGroup;
			children = (
				4B7904632B0571A5008FE1CD /* OAuth2Service.swift */,
				4B7904682B059E18008FE1CD /* OAuth2TokenStorage.swift */,
				4B9B7C282B13F0200052C833 /* OAuthTokenResponseBody.swift */,
			);
			path = OAuth2;
			sourceTree = "<group>";
		};
		4B7904792B06535D008FE1CD /* Services */ = {
			isa = PBXGroup;
			children = (
				4B79045C2B03F554008FE1CD /* AuthConfiguration.swift */,
				4B01BED42B0A736D00A46A4C /* URLSession.swift */,
				4B9B7C372B1409E10052C833 /* URLRequestExtension.swift */,
				4B7904772B065311008FE1CD /* NetworkClient.swift */,
				4B01BECE2B0959E800A46A4C /* UIBlockingProgressHUD.swift */,
			);
			name = Services;
			path = SplashViewController/Services;
			sourceTree = "<group>";
		};
		4B9B7C0B2B13E8270052C833 /* ImageFeedTests */ = {
			isa = PBXGroup;
			children = (
				4B9B7C622B147C7E0052C833 /* ImageListViewTests.swift */,
				4B9B7C9D2B149B0B0052C833 /* ProfileTests */,
				4B9B7C462B146E1C0052C833 /* WebViewTests */,
			);
			path = ImageFeedTests;
			sourceTree = "<group>";
		};
		4B9B7C1D2B13EC980052C833 /* Web */ = {
			isa = PBXGroup;
			children = (
				4B7904612B043435008FE1CD /* WebViewViewController.swift */,
				4B9B7C1E2B13ECE00052C833 /* WebViewPresenter.swift */,
				4B9B7C202B13ECEC0052C833 /* WebViewControllerDelegate.swift */,
			);
			path = Web;
			sourceTree = "<group>";
		};
		4B9B7C222B13EF230052C833 /* Alert */ = {
			isa = PBXGroup;
			children = (
				4B9B7C232B13EF630052C833 /* AlertPresenter.swift */,
				4B9B7C252B13EF800052C833 /* AlertPresenterProtocol.swift */,
			);
			path = Alert;
			sourceTree = "<group>";
		};
		4B9B7C272B13EFAC0052C833 /* Model */ = {
			isa = PBXGroup;
			children = (
				4B9B7C2A2B13F05B0052C833 /* AlertModel.swift */,
				4B9B7C2C2B13F08C0052C833 /* ProfileResultModel.swift */,
				4B9B7C2E2B13F0C80052C833 /* ProfileModel.swift */,
				4B9B7C302B13F1940052C833 /* UserResultModel.swift */,
				4B9B7C322B13F2130052C833 /* ProfileImageModel.swift */,
				4B9B7C342B13F29E0052C833 /* ImageListModel.swift */,
			);
			path = Model;
			sourceTree = "<group>";
		};
		4B9B7C362B13F9400052C833 /* TabBarController */ = {
			isa = PBXGroup;
			children = (
				4B01BED62B0A77A800A46A4C /* TabBarController.swift */,
			);
			path = TabBarController;
			sourceTree = "<group>";
		};
		4B9B7C462B146E1C0052C833 /* WebViewTests */ = {
			isa = PBXGroup;
			children = (
				4B9B7C472B146E1C0052C833 /* WebViewTests.swift */,
				4B9B7C542B146E740052C833 /* WebViewPresenterSpy.swift */,
				4B9B7C6F2B147D9A0052C833 /* WebViewControllerSpy.swift */,
			);
			path = WebViewTests;
			sourceTree = "<group>";
		};
		4B9B7C7E2B147FF30052C833 /* ImageFeedUITest */ = {
			isa = PBXGroup;
			children = (
				4B9B7C7F2B147FF30052C833 /* ImageFeedUITest.swift */,
			);
			path = ImageFeedUITest;
			sourceTree = "<group>";
		};
		4B9B7C9D2B149B0B0052C833 /* ProfileTests */ = {
			isa = PBXGroup;
			children = (
				4B9B7C9E2B149B0B0052C833 /* ProfileTests.swift */,
			);
			path = ProfileTests;
			sourceTree = "<group>";
		};
		4B9B7CAE2B14F9150052C833 /* ImageFeedUITestsLaunchTest */ = {
			isa = PBXGroup;
			children = (
				4B9B7CAF2B14F9150052C833 /* ImageFeedUITestsLaunchTest.swift */,
			);
			path = ImageFeedUITestsLaunchTest;
			sourceTree = "<group>";
		};
		4BF93E872AFE957000EF3749 /* Profile */ = {
			isa = PBXGroup;
			children = (
				4B01BED22B0A70D100A46A4C /* ProfileService.swift */,
				4B01BED82B0A78B500A46A4C /* ProfileImageService.swift */,
				4B9B7CA52B149C040052C833 /* ProfileViewController.swift */,
				4BF93E882AFE95BB00EF3749 /* ProfileViewPresenter..swift */,
			);
			path = Profile;
			sourceTree = "<group>";
		};
		4BF93E8C2AFEF36C00EF3749 /* SingleImage */ = {
			isa = PBXGroup;
			children = (
				4BF93E8A2AFEECE400EF3749 /* SingleImageViewController.swift */,
			);
			path = SingleImage;
			sourceTree = "<group>";
		};
		4BF93E8F2B02ECFB00EF3749 /* Helper */ = {
			isa = PBXGroup;
			children = (
				4BF93E8D2B02ECEC00EF3749 /* UIColor+Extensions.swift */,
			);
			path = Helper;
			sourceTree = "<group>";
		};
/* End PBXGroup section */

/* Begin PBXNativeTarget section */
		4B0A30922A29408A009693CA /* ImageFeed */ = {
			isa = PBXNativeTarget;
			buildConfigurationList = 4B0A30C02A29408B009693CA /* Build configuration list for PBXNativeTarget "ImageFeed" */;
			buildPhases = (
				4B0A308F2A29408A009693CA /* Sources */,
				4B0A30902A29408A009693CA /* Frameworks */,
				4B0A30912A29408A009693CA /* Resources */,
			);
			buildRules = (
			);
			dependencies = (
			);
			name = ImageFeed;
			packageProductDependencies = (
				4B01BECA2B0954D500A46A4C /* ProgressHUD */,
				4B01BEDD2B0AD12700A46A4C /* Kingfisher */,
				4B01BEE02B0ADD0D00A46A4C /* SwiftKeychainWrapper */,
			);
			productName = ImageFeed;
			productReference = 4B0A30932A29408A009693CA /* ImageFeed.app */;
			productType = "com.apple.product-type.application";
		};
		4B4CB9B22B0F9D5400548D03 /* ImageFeedTests */ = {
			isa = PBXNativeTarget;
			buildConfigurationList = 4B4CB9B92B0F9D5400548D03 /* Build configuration list for PBXNativeTarget "ImageFeedTests" */;
			buildPhases = (
				4B4CB9AF2B0F9D5400548D03 /* Sources */,
				4B4CB9B02B0F9D5400548D03 /* Frameworks */,
				4B4CB9B12B0F9D5400548D03 /* Resources */,
			);
			buildRules = (
			);
			dependencies = (
				4B4CB9B82B0F9D5400548D03 /* PBXTargetDependency */,
			);
			name = ImageFeedTests;
			productName = ImageFeedTests;
			productReference = 4B4CB9B32B0F9D5400548D03 /* ImageFeedTests.xctest */;
			productType = "com.apple.product-type.bundle.unit-test";
		};
		4B9B7C092B13E8270052C833 /* ImageFeedTest */ = {
			isa = PBXNativeTarget;
			buildConfigurationList = 4B9B7C122B13E8270052C833 /* Build configuration list for PBXNativeTarget "ImageFeedTest" */;
			buildPhases = (
				4B9B7C062B13E8270052C833 /* Sources */,
				4B9B7C072B13E8270052C833 /* Frameworks */,
				4B9B7C082B13E8270052C833 /* Resources */,
			);
			buildRules = (
			);
			dependencies = (
				4B9B7C0F2B13E8270052C833 /* PBXTargetDependency */,
			);
			name = ImageFeedTest;
			productName = ImageFeedTest;
			productReference = 4B9B7C0A2B13E8270052C833 /* ImageFeedTest.xctest */;
			productType = "com.apple.product-type.bundle.unit-test";
		};
		4B9B7C442B146E1C0052C833 /* WebViewTests */ = {
			isa = PBXNativeTarget;
			buildConfigurationList = 4B9B7C4B2B146E1C0052C833 /* Build configuration list for PBXNativeTarget "WebViewTests" */;
			buildPhases = (
				4B9B7C412B146E1C0052C833 /* Sources */,
				4B9B7C422B146E1C0052C833 /* Frameworks */,
				4B9B7C432B146E1C0052C833 /* Resources */,
			);
			buildRules = (
			);
			dependencies = (
				4B9B7C4A2B146E1C0052C833 /* PBXTargetDependency */,
			);
			name = WebViewTests;
			productName = WebViewTests;
			productReference = 4B9B7C452B146E1C0052C833 /* WebViewTests.xctest */;
			productType = "com.apple.product-type.bundle.unit-test";
		};
		4B9B7C512B146E740052C833 /* WebViewPresenterSpy */ = {
			isa = PBXNativeTarget;
			buildConfigurationList = 4B9B7C582B146E740052C833 /* Build configuration list for PBXNativeTarget "WebViewPresenterSpy" */;
			buildPhases = (
				4B9B7C4E2B146E740052C833 /* Sources */,
				4B9B7C4F2B146E740052C833 /* Frameworks */,
				4B9B7C502B146E740052C833 /* Resources */,
			);
			buildRules = (
			);
			dependencies = (
				4B9B7C572B146E740052C833 /* PBXTargetDependency */,
			);
			name = WebViewPresenterSpy;
			productName = WebViewPresenterSpy;
			productReference = 4B9B7C522B146E740052C833 /* WebViewPresenterSpy.xctest */;
			productType = "com.apple.product-type.bundle.unit-test";
		};
		4B9B7C5F2B147C7E0052C833 /* ImageListViewTests */ = {
			isa = PBXNativeTarget;
			buildConfigurationList = 4B9B7C662B147C7E0052C833 /* Build configuration list for PBXNativeTarget "ImageListViewTests" */;
			buildPhases = (
				4B9B7C5C2B147C7E0052C833 /* Sources */,
				4B9B7C5D2B147C7E0052C833 /* Frameworks */,
				4B9B7C5E2B147C7E0052C833 /* Resources */,
			);
			buildRules = (
			);
			dependencies = (
				4B9B7C652B147C7E0052C833 /* PBXTargetDependency */,
			);
			name = ImageListViewTests;
			productName = ImageListViewTests;
			productReference = 4B9B7C602B147C7E0052C833 /* ImageListViewTests.xctest */;
			productType = "com.apple.product-type.bundle.unit-test";
		};
		4B9B7C6C2B147D9A0052C833 /* WebViewControllerSpy */ = {
			isa = PBXNativeTarget;
			buildConfigurationList = 4B9B7C732B147D9A0052C833 /* Build configuration list for PBXNativeTarget "WebViewControllerSpy" */;
			buildPhases = (
				4B9B7C692B147D9A0052C833 /* Sources */,
				4B9B7C6A2B147D9A0052C833 /* Frameworks */,
				4B9B7C6B2B147D9A0052C833 /* Resources */,
			);
			buildRules = (
			);
			dependencies = (
				4B9B7C722B147D9A0052C833 /* PBXTargetDependency */,
			);
			name = WebViewControllerSpy;
			productName = WebViewControllerSpy;
			productReference = 4B9B7C6D2B147D9A0052C833 /* WebViewControllerSpy.xctest */;
			productType = "com.apple.product-type.bundle.unit-test";
		};
		4B9B7C7C2B147FF30052C833 /* ImageFeedUITest */ = {
			isa = PBXNativeTarget;
			buildConfigurationList = 4B9B7C832B147FF30052C833 /* Build configuration list for PBXNativeTarget "ImageFeedUITest" */;
			buildPhases = (
				4B9B7C792B147FF30052C833 /* Sources */,
				4B9B7C7A2B147FF30052C833 /* Frameworks */,
				4B9B7C7B2B147FF30052C833 /* Resources */,
			);
			buildRules = (
			);
			dependencies = (
				4B9B7C822B147FF30052C833 /* PBXTargetDependency */,
			);
			name = ImageFeedUITest;
			productName = ImageFeedUITest;
			productReference = 4B9B7C7D2B147FF30052C833 /* ImageFeedUITest.xctest */;
			productType = "com.apple.product-type.bundle.unit-test";
		};
		4B9B7C892B1480420052C833 /* ImageFeedUITestsLaunchTests */ = {
			isa = PBXNativeTarget;
			buildConfigurationList = 4B9B7C902B1480420052C833 /* Build configuration list for PBXNativeTarget "ImageFeedUITestsLaunchTests" */;
			buildPhases = (
				4B9B7C862B1480420052C833 /* Sources */,
				4B9B7C872B1480420052C833 /* Frameworks */,
				4B9B7C882B1480420052C833 /* Resources */,
			);
			buildRules = (
			);
			dependencies = (
				4B9B7C8F2B1480420052C833 /* PBXTargetDependency */,
			);
			name = ImageFeedUITestsLaunchTests;
			productName = ImageFeedUITestsLaunchTests;
			productReference = 4B9B7C8A2B1480420052C833 /* ImageFeedUITestsLaunchTests.xctest */;
			productType = "com.apple.product-type.bundle.unit-test";
		};
		4B9B7C9B2B149B0B0052C833 /* ProfileTests */ = {
			isa = PBXNativeTarget;
			buildConfigurationList = 4B9B7CA22B149B0C0052C833 /* Build configuration list for PBXNativeTarget "ProfileTests" */;
			buildPhases = (
				4B9B7C982B149B0B0052C833 /* Sources */,
				4B9B7C992B149B0B0052C833 /* Frameworks */,
				4B9B7C9A2B149B0B0052C833 /* Resources */,
			);
			buildRules = (
			);
			dependencies = (
				4B9B7CA12B149B0B0052C833 /* PBXTargetDependency */,
			);
			name = ProfileTests;
			productName = ProfileTests;
			productReference = 4B9B7C9C2B149B0B0052C833 /* ProfileTests.xctest */;
			productType = "com.apple.product-type.bundle.unit-test";
		};
		4B9B7CAC2B14F9150052C833 /* ImageFeedUITestsLaunchTest */ = {
			isa = PBXNativeTarget;
			buildConfigurationList = 4B9B7CB32B14F9150052C833 /* Build configuration list for PBXNativeTarget "ImageFeedUITestsLaunchTest" */;
			buildPhases = (
				4B9B7CA92B14F9150052C833 /* Sources */,
				4B9B7CAA2B14F9150052C833 /* Frameworks */,
				4B9B7CAB2B14F9150052C833 /* Resources */,
			);
			buildRules = (
			);
			dependencies = (
				4B9B7CB22B14F9150052C833 /* PBXTargetDependency */,
			);
			name = ImageFeedUITestsLaunchTest;
			productName = ImageFeedUITestsLaunchTest;
			productReference = 4B9B7CAD2B14F9150052C833 /* ImageFeedUITestsLaunchTest.xctest */;
			productType = "com.apple.product-type.bundle.unit-test";
		};
/* End PBXNativeTarget section */

/* Begin PBXProject section */
		4B0A308B2A29408A009693CA /* Project object */ = {
			isa = PBXProject;
			attributes = {
				BuildIndependentTargetsInParallel = 1;
				LastSwiftUpdateCheck = 1430;
				LastUpgradeCheck = 1340;
				TargetAttributes = {
					4B0A30922A29408A009693CA = {
						CreatedOnToolsVersion = 13.4.1;
					};
					4B4CB9B22B0F9D5400548D03 = {
						CreatedOnToolsVersion = 14.3.1;
						TestTargetID = 4B0A30922A29408A009693CA;
					};
					4B9B7C092B13E8270052C833 = {
						CreatedOnToolsVersion = 14.3.1;
						LastSwiftMigration = 1430;
						TestTargetID = 4B0A30922A29408A009693CA;
					};
					4B9B7C442B146E1C0052C833 = {
						CreatedOnToolsVersion = 14.3.1;
						TestTargetID = 4B0A30922A29408A009693CA;
					};
					4B9B7C512B146E740052C833 = {
						CreatedOnToolsVersion = 14.3.1;
						TestTargetID = 4B0A30922A29408A009693CA;
					};
					4B9B7C5F2B147C7E0052C833 = {
						CreatedOnToolsVersion = 14.3.1;
						TestTargetID = 4B0A30922A29408A009693CA;
					};
					4B9B7C6C2B147D9A0052C833 = {
						CreatedOnToolsVersion = 14.3.1;
						TestTargetID = 4B0A30922A29408A009693CA;
					};
					4B9B7C7C2B147FF30052C833 = {
						CreatedOnToolsVersion = 14.3.1;
						TestTargetID = 4B0A30922A29408A009693CA;
					};
					4B9B7C892B1480420052C833 = {
						CreatedOnToolsVersion = 14.3.1;
						TestTargetID = 4B0A30922A29408A009693CA;
					};
					4B9B7C9B2B149B0B0052C833 = {
						CreatedOnToolsVersion = 14.3.1;
						TestTargetID = 4B0A30922A29408A009693CA;
					};
					4B9B7CAC2B14F9150052C833 = {
						CreatedOnToolsVersion = 14.3.1;
						TestTargetID = 4B0A30922A29408A009693CA;
					};
				};
			};
			buildConfigurationList = 4B0A308E2A29408A009693CA /* Build configuration list for PBXProject "ImageFeed" */;
			compatibilityVersion = "Xcode 13.0";
			developmentRegion = en;
			hasScannedForEncodings = 0;
			knownRegions = (
				en,
				Base,
			);
			mainGroup = 4B0A308A2A29408A009693CA;
			packageReferences = (
				4B01BEC92B0954D500A46A4C /* XCRemoteSwiftPackageReference "ProgressHUD" */,
				4B01BEDC2B0AD12700A46A4C /* XCRemoteSwiftPackageReference "Kingfisher" */,
				4B01BEDF2B0ADD0D00A46A4C /* XCRemoteSwiftPackageReference "SwiftKeychainWrapper" */,
			);
			productRefGroup = 4B0A30942A29408A009693CA /* Products */;
			projectDirPath = "";
			projectRoot = "";
			targets = (
				4B0A30922A29408A009693CA /* ImageFeed */,
				4B4CB9B22B0F9D5400548D03 /* ImageFeedTests */,
				4B9B7C092B13E8270052C833 /* ImageFeedTest */,
				4B9B7C442B146E1C0052C833 /* WebViewTests */,
				4B9B7C512B146E740052C833 /* WebViewPresenterSpy */,
				4B9B7C5F2B147C7E0052C833 /* ImageListViewTests */,
				4B9B7C6C2B147D9A0052C833 /* WebViewControllerSpy */,
				4B9B7C7C2B147FF30052C833 /* ImageFeedUITest */,
				4B9B7C892B1480420052C833 /* ImageFeedUITestsLaunchTests */,
				4B9B7C9B2B149B0B0052C833 /* ProfileTests */,
				4B9B7CAC2B14F9150052C833 /* ImageFeedUITestsLaunchTest */,
			);
		};
/* End PBXProject section */

/* Begin PBXResourcesBuildPhase section */
		4B0A30912A29408A009693CA /* Resources */ = {
			isa = PBXResourcesBuildPhase;
			buildActionMask = 2147483647;
			files = (
				4B0A30A62A29408B009693CA /* LaunchScreen.storyboard in Resources */,
				4B0A30A32A29408B009693CA /* Assets.xcassets in Resources */,
				4B0A309E2A29408A009693CA /* Main.storyboard in Resources */,
			);
			runOnlyForDeploymentPostprocessing = 0;
		};
		4B4CB9B12B0F9D5400548D03 /* Resources */ = {
			isa = PBXResourcesBuildPhase;
			buildActionMask = 2147483647;
			files = (
			);
			runOnlyForDeploymentPostprocessing = 0;
		};
		4B9B7C082B13E8270052C833 /* Resources */ = {
			isa = PBXResourcesBuildPhase;
			buildActionMask = 2147483647;
			files = (
			);
			runOnlyForDeploymentPostprocessing = 0;
		};
		4B9B7C432B146E1C0052C833 /* Resources */ = {
			isa = PBXResourcesBuildPhase;
			buildActionMask = 2147483647;
			files = (
			);
			runOnlyForDeploymentPostprocessing = 0;
		};
		4B9B7C502B146E740052C833 /* Resources */ = {
			isa = PBXResourcesBuildPhase;
			buildActionMask = 2147483647;
			files = (
			);
			runOnlyForDeploymentPostprocessing = 0;
		};
		4B9B7C5E2B147C7E0052C833 /* Resources */ = {
			isa = PBXResourcesBuildPhase;
			buildActionMask = 2147483647;
			files = (
			);
			runOnlyForDeploymentPostprocessing = 0;
		};
		4B9B7C6B2B147D9A0052C833 /* Resources */ = {
			isa = PBXResourcesBuildPhase;
			buildActionMask = 2147483647;
			files = (
			);
			runOnlyForDeploymentPostprocessing = 0;
		};
		4B9B7C7B2B147FF30052C833 /* Resources */ = {
			isa = PBXResourcesBuildPhase;
			buildActionMask = 2147483647;
			files = (
			);
			runOnlyForDeploymentPostprocessing = 0;
		};
		4B9B7C882B1480420052C833 /* Resources */ = {
			isa = PBXResourcesBuildPhase;
			buildActionMask = 2147483647;
			files = (
			);
			runOnlyForDeploymentPostprocessing = 0;
		};
		4B9B7C9A2B149B0B0052C833 /* Resources */ = {
			isa = PBXResourcesBuildPhase;
			buildActionMask = 2147483647;
			files = (
			);
			runOnlyForDeploymentPostprocessing = 0;
		};
		4B9B7CAB2B14F9150052C833 /* Resources */ = {
			isa = PBXResourcesBuildPhase;
			buildActionMask = 2147483647;
			files = (
			);
			runOnlyForDeploymentPostprocessing = 0;
		};
/* End PBXResourcesBuildPhase section */

/* Begin PBXSourcesBuildPhase section */
		4B0A308F2A29408A009693CA /* Sources */ = {
			isa = PBXSourcesBuildPhase;
			buildActionMask = 2147483647;
			files = (
				4B9B7C2D2B13F08C0052C833 /* ProfileResultModel.swift in Sources */,
				4B7904622B043435008FE1CD /* WebViewViewController.swift in Sources */,
				4B01BED32B0A70D100A46A4C /* ProfileService.swift in Sources */,
				4B9B7C212B13ECEC0052C833 /* WebViewControllerDelegate.swift in Sources */,
				4B0A59952AFC617F0054C175 /* ImagesListViewController.swift in Sources */,
				4B9B7C1C2B13EC0F0052C833 /* AuthViewControllerDelegate.swift in Sources */,
				4B9B7CA62B149C040052C833 /* ProfileViewController.swift in Sources */,
				4B9B7C352B13F29E0052C833 /* ImageListModel.swift in Sources */,
				4B9E180D2AFC06ED0023F657 /* ImagesListCell.swift in Sources */,
				4B9B7C242B13EF630052C833 /* AlertPresenter.swift in Sources */,
				4B4CB9AE2B0F908200548D03 /* ImagesListService.swift in Sources */,
				4B9B7C382B1409E10052C833 /* URLRequestExtension.swift in Sources */,
				4B7904662B059D7B008FE1CD /* SplashViewController.swift in Sources */,
				4B9B7C292B13F0200052C833 /* OAuthTokenResponseBody.swift in Sources */,
				4B9B7C1A2B13EBD10052C833 /* AuthHelper.swift in Sources */,
				4B01BED52B0A736D00A46A4C /* URLSession.swift in Sources */,
				4B9B7C952B1480990052C833 /* ImageListVIewPresenter.swift in Sources */,
				4B9B7C1F2B13ECE00052C833 /* WebViewPresenter.swift in Sources */,
				4B0A30972A29408A009693CA /* AppDelegate.swift in Sources */,
				4B7904642B0571A5008FE1CD /* OAuth2Service.swift in Sources */,
				4B0A30992A29408A009693CA /* SceneDelegate.swift in Sources */,
				4B9B7C2F2B13F0C80052C833 /* ProfileModel.swift in Sources */,
				4BF93E8E2B02ECEC00EF3749 /* UIColor+Extensions.swift in Sources */,
				4B01BECF2B0959E800A46A4C /* UIBlockingProgressHUD.swift in Sources */,
				4B01BED92B0A78B500A46A4C /* ProfileImageService.swift in Sources */,
				4BF93E8B2AFEECE400EF3749 /* SingleImageViewController.swift in Sources */,
				4BF93E892AFE95BB00EF3749 /* ProfileViewPresenter..swift in Sources */,
				4B01BED72B0A77A800A46A4C /* TabBarController.swift in Sources */,
				4B9B7C262B13EF800052C833 /* AlertPresenterProtocol.swift in Sources */,
				4B7904782B065311008FE1CD /* NetworkClient.swift in Sources */,
				4B79045F2B042DC8008FE1CD /* AuthViewController.swift in Sources */,
				4B9B7C2B2B13F05B0052C833 /* AlertModel.swift in Sources */,
				4B9B7C332B13F2130052C833 /* ProfileImageModel.swift in Sources */,
				4B7904692B059E18008FE1CD /* OAuth2TokenStorage.swift in Sources */,
				4B79045D2B03F554008FE1CD /* AuthConfiguration.swift in Sources */,
				4B9B7C312B13F1940052C833 /* UserResultModel.swift in Sources */,
			);
			runOnlyForDeploymentPostprocessing = 0;
		};
		4B4CB9AF2B0F9D5400548D03 /* Sources */ = {
			isa = PBXSourcesBuildPhase;
			buildActionMask = 2147483647;
			files = (
			);
			runOnlyForDeploymentPostprocessing = 0;
		};
		4B9B7C062B13E8270052C833 /* Sources */ = {
			isa = PBXSourcesBuildPhase;
			buildActionMask = 2147483647;
			files = (
			);
			runOnlyForDeploymentPostprocessing = 0;
		};
		4B9B7C412B146E1C0052C833 /* Sources */ = {
			isa = PBXSourcesBuildPhase;
			buildActionMask = 2147483647;
			files = (
				4B9B7C482B146E1C0052C833 /* WebViewTests.swift in Sources */,
				4B9B7C762B147DA20052C833 /* WebViewControllerSpy.swift in Sources */,
				4B9B7C5B2B146E810052C833 /* WebViewPresenterSpy.swift in Sources */,
			);
			runOnlyForDeploymentPostprocessing = 0;
		};
		4B9B7C4E2B146E740052C833 /* Sources */ = {
			isa = PBXSourcesBuildPhase;
			buildActionMask = 2147483647;
			files = (
			);
			runOnlyForDeploymentPostprocessing = 0;
		};
		4B9B7C5C2B147C7E0052C833 /* Sources */ = {
			isa = PBXSourcesBuildPhase;
			buildActionMask = 2147483647;
			files = (
				4B9B7C632B147C7E0052C833 /* ImageListViewTests.swift in Sources */,
			);
			runOnlyForDeploymentPostprocessing = 0;
		};
		4B9B7C692B147D9A0052C833 /* Sources */ = {
			isa = PBXSourcesBuildPhase;
			buildActionMask = 2147483647;
			files = (
			);
			runOnlyForDeploymentPostprocessing = 0;
		};
		4B9B7C792B147FF30052C833 /* Sources */ = {
			isa = PBXSourcesBuildPhase;
			buildActionMask = 2147483647;
			files = (
				4B9B7CB72B1504640052C833 /* ImageFeedUITest.swift in Sources */,
			);
			runOnlyForDeploymentPostprocessing = 0;
		};
		4B9B7C862B1480420052C833 /* Sources */ = {
			isa = PBXSourcesBuildPhase;
			buildActionMask = 2147483647;
			files = (
			);
			runOnlyForDeploymentPostprocessing = 0;
		};
		4B9B7C982B149B0B0052C833 /* Sources */ = {
			isa = PBXSourcesBuildPhase;
			buildActionMask = 2147483647;
			files = (
				4B9B7C9F2B149B0B0052C833 /* ProfileTests.swift in Sources */,
			);
			runOnlyForDeploymentPostprocessing = 0;
		};
		4B9B7CA92B14F9150052C833 /* Sources */ = {
			isa = PBXSourcesBuildPhase;
			buildActionMask = 2147483647;
			files = (
				4B9B7CB02B14F9150052C833 /* ImageFeedUITestsLaunchTest.swift in Sources */,
			);
			runOnlyForDeploymentPostprocessing = 0;
		};
/* End PBXSourcesBuildPhase section */

/* Begin PBXTargetDependency section */
		4B4CB9B82B0F9D5400548D03 /* PBXTargetDependency */ = {
			isa = PBXTargetDependency;
			target = 4B0A30922A29408A009693CA /* ImageFeed */;
			targetProxy = 4B4CB9B72B0F9D5400548D03 /* PBXContainerItemProxy */;
		};
		4B9B7C0F2B13E8270052C833 /* PBXTargetDependency */ = {
			isa = PBXTargetDependency;
			target = 4B0A30922A29408A009693CA /* ImageFeed */;
			targetProxy = 4B9B7C0E2B13E8270052C833 /* PBXContainerItemProxy */;
		};
		4B9B7C4A2B146E1C0052C833 /* PBXTargetDependency */ = {
			isa = PBXTargetDependency;
			target = 4B0A30922A29408A009693CA /* ImageFeed */;
			targetProxy = 4B9B7C492B146E1C0052C833 /* PBXContainerItemProxy */;
		};
		4B9B7C572B146E740052C833 /* PBXTargetDependency */ = {
			isa = PBXTargetDependency;
			target = 4B0A30922A29408A009693CA /* ImageFeed */;
			targetProxy = 4B9B7C562B146E740052C833 /* PBXContainerItemProxy */;
		};
		4B9B7C652B147C7E0052C833 /* PBXTargetDependency */ = {
			isa = PBXTargetDependency;
			target = 4B0A30922A29408A009693CA /* ImageFeed */;
			targetProxy = 4B9B7C642B147C7E0052C833 /* PBXContainerItemProxy */;
		};
		4B9B7C722B147D9A0052C833 /* PBXTargetDependency */ = {
			isa = PBXTargetDependency;
			target = 4B0A30922A29408A009693CA /* ImageFeed */;
			targetProxy = 4B9B7C712B147D9A0052C833 /* PBXContainerItemProxy */;
		};
		4B9B7C822B147FF30052C833 /* PBXTargetDependency */ = {
			isa = PBXTargetDependency;
			target = 4B0A30922A29408A009693CA /* ImageFeed */;
			targetProxy = 4B9B7C812B147FF30052C833 /* PBXContainerItemProxy */;
		};
		4B9B7C8F2B1480420052C833 /* PBXTargetDependency */ = {
			isa = PBXTargetDependency;
			target = 4B0A30922A29408A009693CA /* ImageFeed */;
			targetProxy = 4B9B7C8E2B1480420052C833 /* PBXContainerItemProxy */;
		};
		4B9B7CA12B149B0B0052C833 /* PBXTargetDependency */ = {
			isa = PBXTargetDependency;
			target = 4B0A30922A29408A009693CA /* ImageFeed */;
			targetProxy = 4B9B7CA02B149B0B0052C833 /* PBXContainerItemProxy */;
		};
		4B9B7CB22B14F9150052C833 /* PBXTargetDependency */ = {
			isa = PBXTargetDependency;
			target = 4B0A30922A29408A009693CA /* ImageFeed */;
			targetProxy = 4B9B7CB12B14F9150052C833 /* PBXContainerItemProxy */;
		};
/* End PBXTargetDependency section */

/* Begin PBXVariantGroup section */
		4B0A309C2A29408A009693CA /* Main.storyboard */ = {
			isa = PBXVariantGroup;
			children = (
				4B0A309D2A29408A009693CA /* Base */,
			);
			name = Main.storyboard;
			sourceTree = "<group>";
		};
		4B0A30A42A29408B009693CA /* LaunchScreen.storyboard */ = {
			isa = PBXVariantGroup;
			children = (
				4B0A30A52A29408B009693CA /* Base */,
			);
			name = LaunchScreen.storyboard;
			sourceTree = "<group>";
		};
/* End PBXVariantGroup section */

/* Begin XCBuildConfiguration section */
		4B0A30BE2A29408B009693CA /* Debug */ = {
			isa = XCBuildConfiguration;
			buildSettings = {
				ALWAYS_SEARCH_USER_PATHS = NO;
				CLANG_ANALYZER_NONNULL = YES;
				CLANG_ANALYZER_NUMBER_OBJECT_CONVERSION = YES_AGGRESSIVE;
				CLANG_CXX_LANGUAGE_STANDARD = "gnu++20";
				CLANG_ENABLE_MODULES = YES;
				CLANG_ENABLE_OBJC_ARC = YES;
				CLANG_ENABLE_OBJC_WEAK = YES;
				CLANG_WARN_BLOCK_CAPTURE_AUTORELEASING = YES;
				CLANG_WARN_BOOL_CONVERSION = YES;
				CLANG_WARN_COMMA = YES;
				CLANG_WARN_CONSTANT_CONVERSION = YES;
				CLANG_WARN_DEPRECATED_OBJC_IMPLEMENTATIONS = YES;
				CLANG_WARN_DIRECT_OBJC_ISA_USAGE = YES_ERROR;
				CLANG_WARN_DOCUMENTATION_COMMENTS = YES;
				CLANG_WARN_EMPTY_BODY = YES;
				CLANG_WARN_ENUM_CONVERSION = YES;
				CLANG_WARN_INFINITE_RECURSION = YES;
				CLANG_WARN_INT_CONVERSION = YES;
				CLANG_WARN_NON_LITERAL_NULL_CONVERSION = YES;
				CLANG_WARN_OBJC_IMPLICIT_RETAIN_SELF = YES;
				CLANG_WARN_OBJC_LITERAL_CONVERSION = YES;
				CLANG_WARN_OBJC_ROOT_CLASS = YES_ERROR;
				CLANG_WARN_QUOTED_INCLUDE_IN_FRAMEWORK_HEADER = YES;
				CLANG_WARN_RANGE_LOOP_ANALYSIS = YES;
				CLANG_WARN_STRICT_PROTOTYPES = YES;
				CLANG_WARN_SUSPICIOUS_MOVE = YES;
				CLANG_WARN_UNGUARDED_AVAILABILITY = YES_AGGRESSIVE;
				CLANG_WARN_UNREACHABLE_CODE = YES;
				CLANG_WARN__DUPLICATE_METHOD_MATCH = YES;
				COPY_PHASE_STRIP = NO;
				DEBUG_INFORMATION_FORMAT = dwarf;
				ENABLE_STRICT_OBJC_MSGSEND = YES;
				ENABLE_TESTABILITY = YES;
				GCC_C_LANGUAGE_STANDARD = gnu11;
				GCC_DYNAMIC_NO_PIC = NO;
				GCC_NO_COMMON_BLOCKS = YES;
				GCC_OPTIMIZATION_LEVEL = 0;
				GCC_PREPROCESSOR_DEFINITIONS = (
					"DEBUG=1",
					"$(inherited)",
				);
				GCC_WARN_64_TO_32_BIT_CONVERSION = YES;
				GCC_WARN_ABOUT_RETURN_TYPE = YES_ERROR;
				GCC_WARN_UNDECLARED_SELECTOR = YES;
				GCC_WARN_UNINITIALIZED_AUTOS = YES_AGGRESSIVE;
				GCC_WARN_UNUSED_FUNCTION = YES;
				GCC_WARN_UNUSED_VARIABLE = YES;
				IPHONEOS_DEPLOYMENT_TARGET = 13.0;
				MTL_ENABLE_DEBUG_INFO = INCLUDE_SOURCE;
				MTL_FAST_MATH = YES;
				ONLY_ACTIVE_ARCH = YES;
				SDKROOT = iphoneos;
				SWIFT_ACTIVE_COMPILATION_CONDITIONS = DEBUG;
				SWIFT_OPTIMIZATION_LEVEL = "-Onone";
			};
			name = Debug;
		};
		4B0A30BF2A29408B009693CA /* Release */ = {
			isa = XCBuildConfiguration;
			buildSettings = {
				ALWAYS_SEARCH_USER_PATHS = NO;
				CLANG_ANALYZER_NONNULL = YES;
				CLANG_ANALYZER_NUMBER_OBJECT_CONVERSION = YES_AGGRESSIVE;
				CLANG_CXX_LANGUAGE_STANDARD = "gnu++20";
				CLANG_ENABLE_MODULES = YES;
				CLANG_ENABLE_OBJC_ARC = YES;
				CLANG_ENABLE_OBJC_WEAK = YES;
				CLANG_WARN_BLOCK_CAPTURE_AUTORELEASING = YES;
				CLANG_WARN_BOOL_CONVERSION = YES;
				CLANG_WARN_COMMA = YES;
				CLANG_WARN_CONSTANT_CONVERSION = YES;
				CLANG_WARN_DEPRECATED_OBJC_IMPLEMENTATIONS = YES;
				CLANG_WARN_DIRECT_OBJC_ISA_USAGE = YES_ERROR;
				CLANG_WARN_DOCUMENTATION_COMMENTS = YES;
				CLANG_WARN_EMPTY_BODY = YES;
				CLANG_WARN_ENUM_CONVERSION = YES;
				CLANG_WARN_INFINITE_RECURSION = YES;
				CLANG_WARN_INT_CONVERSION = YES;
				CLANG_WARN_NON_LITERAL_NULL_CONVERSION = YES;
				CLANG_WARN_OBJC_IMPLICIT_RETAIN_SELF = YES;
				CLANG_WARN_OBJC_LITERAL_CONVERSION = YES;
				CLANG_WARN_OBJC_ROOT_CLASS = YES_ERROR;
				CLANG_WARN_QUOTED_INCLUDE_IN_FRAMEWORK_HEADER = YES;
				CLANG_WARN_RANGE_LOOP_ANALYSIS = YES;
				CLANG_WARN_STRICT_PROTOTYPES = YES;
				CLANG_WARN_SUSPICIOUS_MOVE = YES;
				CLANG_WARN_UNGUARDED_AVAILABILITY = YES_AGGRESSIVE;
				CLANG_WARN_UNREACHABLE_CODE = YES;
				CLANG_WARN__DUPLICATE_METHOD_MATCH = YES;
				COPY_PHASE_STRIP = NO;
				DEBUG_INFORMATION_FORMAT = "dwarf-with-dsym";
				ENABLE_NS_ASSERTIONS = NO;
				ENABLE_STRICT_OBJC_MSGSEND = YES;
				GCC_C_LANGUAGE_STANDARD = gnu11;
				GCC_NO_COMMON_BLOCKS = YES;
				GCC_WARN_64_TO_32_BIT_CONVERSION = YES;
				GCC_WARN_ABOUT_RETURN_TYPE = YES_ERROR;
				GCC_WARN_UNDECLARED_SELECTOR = YES;
				GCC_WARN_UNINITIALIZED_AUTOS = YES_AGGRESSIVE;
				GCC_WARN_UNUSED_FUNCTION = YES;
				GCC_WARN_UNUSED_VARIABLE = YES;
				IPHONEOS_DEPLOYMENT_TARGET = 13.0;
				MTL_ENABLE_DEBUG_INFO = NO;
				MTL_FAST_MATH = YES;
				SDKROOT = iphoneos;
				SWIFT_COMPILATION_MODE = wholemodule;
				SWIFT_OPTIMIZATION_LEVEL = "-O";
				VALIDATE_PRODUCT = YES;
			};
			name = Release;
		};
		4B0A30C12A29408B009693CA /* Debug */ = {
			isa = XCBuildConfiguration;
			buildSettings = {
				ASSETCATALOG_COMPILER_APPICON_NAME = AppIcon;
				ASSETCATALOG_COMPILER_GLOBAL_ACCENT_COLOR_NAME = AccentColor;
				CODE_SIGN_IDENTITY = "Apple Development";
				CODE_SIGN_STYLE = Automatic;
				CURRENT_PROJECT_VERSION = 1;
				DEVELOPMENT_TEAM = S49KFNZSXQ;
				GENERATE_INFOPLIST_FILE = YES;
				INFOPLIST_FILE = ImageFeed/Info.plist;
				INFOPLIST_KEY_UIApplicationSupportsIndirectInputEvents = YES;
				INFOPLIST_KEY_UILaunchStoryboardName = LaunchScreen;
				INFOPLIST_KEY_UIMainStoryboardFile = Main;
				INFOPLIST_KEY_UIStatusBarStyle = UIStatusBarStyleLightContent;
				INFOPLIST_KEY_UISupportedInterfaceOrientations = UIInterfaceOrientationPortrait;
				INFOPLIST_KEY_UISupportedInterfaceOrientations_iPad = "UIInterfaceOrientationLandscapeLeft UIInterfaceOrientationLandscapeRight UIInterfaceOrientationPortrait UIInterfaceOrientationPortraitUpsideDown";
				IPHONEOS_DEPLOYMENT_TARGET = 13.0;
				LD_RUNPATH_SEARCH_PATHS = (
					"$(inherited)",
					"@executable_path/Frameworks",
				);
				MARKETING_VERSION = 1.0;
				PRODUCT_BUNDLE_IDENTIFIER = "ru.yandex.practicum.ImageFeed-GNG";
				PRODUCT_NAME = "$(TARGET_NAME)";
				PROVISIONING_PROFILE_SPECIFIER = "";
				SUPPORTED_PLATFORMS = "iphoneos iphonesimulator";
				SUPPORTS_MACCATALYST = NO;
				SUPPORTS_MAC_DESIGNED_FOR_IPHONE_IPAD = YES;
				SWIFT_EMIT_LOC_STRINGS = YES;
				SWIFT_VERSION = 5.0;
				TARGETED_DEVICE_FAMILY = 1;
			};
			name = Debug;
		};
		4B0A30C22A29408B009693CA /* Release */ = {
			isa = XCBuildConfiguration;
			buildSettings = {
				ASSETCATALOG_COMPILER_APPICON_NAME = AppIcon;
				ASSETCATALOG_COMPILER_GLOBAL_ACCENT_COLOR_NAME = AccentColor;
				CODE_SIGN_IDENTITY = "Apple Development";
				CODE_SIGN_STYLE = Automatic;
				CURRENT_PROJECT_VERSION = 1;
				DEVELOPMENT_TEAM = S49KFNZSXQ;
				GENERATE_INFOPLIST_FILE = YES;
				INFOPLIST_FILE = ImageFeed/Info.plist;
				INFOPLIST_KEY_UIApplicationSupportsIndirectInputEvents = YES;
				INFOPLIST_KEY_UILaunchStoryboardName = LaunchScreen;
				INFOPLIST_KEY_UIMainStoryboardFile = Main;
				INFOPLIST_KEY_UIStatusBarStyle = UIStatusBarStyleLightContent;
				INFOPLIST_KEY_UISupportedInterfaceOrientations = UIInterfaceOrientationPortrait;
				INFOPLIST_KEY_UISupportedInterfaceOrientations_iPad = "UIInterfaceOrientationLandscapeLeft UIInterfaceOrientationLandscapeRight UIInterfaceOrientationPortrait UIInterfaceOrientationPortraitUpsideDown";
				IPHONEOS_DEPLOYMENT_TARGET = 13.0;
				LD_RUNPATH_SEARCH_PATHS = (
					"$(inherited)",
					"@executable_path/Frameworks",
				);
				MARKETING_VERSION = 1.0;
				PRODUCT_BUNDLE_IDENTIFIER = "ru.yandex.practicum.ImageFeed-GNG";
				PRODUCT_NAME = "$(TARGET_NAME)";
				PROVISIONING_PROFILE_SPECIFIER = "";
				SUPPORTED_PLATFORMS = "iphoneos iphonesimulator";
				SUPPORTS_MACCATALYST = NO;
				SUPPORTS_MAC_DESIGNED_FOR_IPHONE_IPAD = YES;
				SWIFT_EMIT_LOC_STRINGS = YES;
				SWIFT_VERSION = 5.0;
				TARGETED_DEVICE_FAMILY = 1;
			};
			name = Release;
		};
		4B4CB9BA2B0F9D5400548D03 /* Debug */ = {
			isa = XCBuildConfiguration;
			buildSettings = {
				BUNDLE_LOADER = "$(TEST_HOST)";
				CODE_SIGN_STYLE = Automatic;
				CURRENT_PROJECT_VERSION = 1;
				DEVELOPMENT_TEAM = S49KFNZSXQ;
				GENERATE_INFOPLIST_FILE = YES;
				IPHONEOS_DEPLOYMENT_TARGET = 16.4;
				MARKETING_VERSION = 1.0;
				PRODUCT_BUNDLE_IDENTIFIER = ru.yandex.practicum.ImageFeedTests;
				PRODUCT_NAME = "$(TARGET_NAME)";
				SWIFT_EMIT_LOC_STRINGS = NO;
				SWIFT_VERSION = 5.0;
				TARGETED_DEVICE_FAMILY = "1,2";
				TEST_HOST = "$(BUILT_PRODUCTS_DIR)/ImageFeed.app/$(BUNDLE_EXECUTABLE_FOLDER_PATH)/ImageFeed";
			};
			name = Debug;
		};
		4B4CB9BB2B0F9D5400548D03 /* Release */ = {
			isa = XCBuildConfiguration;
			buildSettings = {
				BUNDLE_LOADER = "$(TEST_HOST)";
				CODE_SIGN_STYLE = Automatic;
				CURRENT_PROJECT_VERSION = 1;
				DEVELOPMENT_TEAM = S49KFNZSXQ;
				GENERATE_INFOPLIST_FILE = YES;
				IPHONEOS_DEPLOYMENT_TARGET = 16.4;
				MARKETING_VERSION = 1.0;
				PRODUCT_BUNDLE_IDENTIFIER = ru.yandex.practicum.ImageFeedTests;
				PRODUCT_NAME = "$(TARGET_NAME)";
				SWIFT_EMIT_LOC_STRINGS = NO;
				SWIFT_VERSION = 5.0;
				TARGETED_DEVICE_FAMILY = "1,2";
				TEST_HOST = "$(BUILT_PRODUCTS_DIR)/ImageFeed.app/$(BUNDLE_EXECUTABLE_FOLDER_PATH)/ImageFeed";
			};
			name = Release;
		};
		4B9B7C102B13E8270052C833 /* Debug */ = {
			isa = XCBuildConfiguration;
			buildSettings = {
				BUNDLE_LOADER = "$(TEST_HOST)";
				CLANG_ENABLE_MODULES = YES;
				CODE_SIGN_STYLE = Automatic;
				CURRENT_PROJECT_VERSION = 1;
				DEVELOPMENT_TEAM = S49KFNZSXQ;
				GENERATE_INFOPLIST_FILE = YES;
				IPHONEOS_DEPLOYMENT_TARGET = 16.4;
				MARKETING_VERSION = 1.0;
				PRODUCT_BUNDLE_IDENTIFIER = "ru.yandex.practicum.ImageFeed-GNG.ImageFeedTest";
				PRODUCT_NAME = "$(TARGET_NAME)";
				SWIFT_EMIT_LOC_STRINGS = NO;
				SWIFT_OBJC_BRIDGING_HEADER = "ImageFeedTests/WebViewTest/ImageFeedTest-Bridging-Header.h";
				SWIFT_OPTIMIZATION_LEVEL = "-Onone";
				SWIFT_VERSION = 5.0;
				TARGETED_DEVICE_FAMILY = "1,2";
				TEST_HOST = "$(BUILT_PRODUCTS_DIR)/ImageFeed.app/$(BUNDLE_EXECUTABLE_FOLDER_PATH)/ImageFeed";
			};
			name = Debug;
		};
		4B9B7C112B13E8270052C833 /* Release */ = {
			isa = XCBuildConfiguration;
			buildSettings = {
				BUNDLE_LOADER = "$(TEST_HOST)";
				CLANG_ENABLE_MODULES = YES;
				CODE_SIGN_STYLE = Automatic;
				CURRENT_PROJECT_VERSION = 1;
				DEVELOPMENT_TEAM = S49KFNZSXQ;
				GENERATE_INFOPLIST_FILE = YES;
				IPHONEOS_DEPLOYMENT_TARGET = 16.4;
				MARKETING_VERSION = 1.0;
				PRODUCT_BUNDLE_IDENTIFIER = "ru.yandex.practicum.ImageFeed-GNG.ImageFeedTest";
				PRODUCT_NAME = "$(TARGET_NAME)";
				SWIFT_EMIT_LOC_STRINGS = NO;
				SWIFT_OBJC_BRIDGING_HEADER = "ImageFeedTests/WebViewTest/ImageFeedTest-Bridging-Header.h";
				SWIFT_VERSION = 5.0;
				TARGETED_DEVICE_FAMILY = "1,2";
				TEST_HOST = "$(BUILT_PRODUCTS_DIR)/ImageFeed.app/$(BUNDLE_EXECUTABLE_FOLDER_PATH)/ImageFeed";
			};
			name = Release;
		};
		4B9B7C4C2B146E1C0052C833 /* Debug */ = {
			isa = XCBuildConfiguration;
			buildSettings = {
				BUNDLE_LOADER = "$(TEST_HOST)";
				CODE_SIGN_STYLE = Automatic;
				CURRENT_PROJECT_VERSION = 1;
				DEVELOPMENT_TEAM = S49KFNZSXQ;
				GENERATE_INFOPLIST_FILE = YES;
				IPHONEOS_DEPLOYMENT_TARGET = 16.4;
				MARKETING_VERSION = 1.0;
				PRODUCT_BUNDLE_IDENTIFIER = "ru.yandex.practicum.ImageFeed-GNG.WebViewTests";
				PRODUCT_NAME = "$(TARGET_NAME)";
				SWIFT_EMIT_LOC_STRINGS = NO;
				SWIFT_VERSION = 5.0;
				TARGETED_DEVICE_FAMILY = "1,2";
				TEST_HOST = "$(BUILT_PRODUCTS_DIR)/ImageFeed.app/$(BUNDLE_EXECUTABLE_FOLDER_PATH)/ImageFeed";
			};
			name = Debug;
		};
		4B9B7C4D2B146E1C0052C833 /* Release */ = {
			isa = XCBuildConfiguration;
			buildSettings = {
				BUNDLE_LOADER = "$(TEST_HOST)";
				CODE_SIGN_STYLE = Automatic;
				CURRENT_PROJECT_VERSION = 1;
				DEVELOPMENT_TEAM = S49KFNZSXQ;
				GENERATE_INFOPLIST_FILE = YES;
				IPHONEOS_DEPLOYMENT_TARGET = 16.4;
				MARKETING_VERSION = 1.0;
				PRODUCT_BUNDLE_IDENTIFIER = "ru.yandex.practicum.ImageFeed-GNG.WebViewTests";
				PRODUCT_NAME = "$(TARGET_NAME)";
				SWIFT_EMIT_LOC_STRINGS = NO;
				SWIFT_VERSION = 5.0;
				TARGETED_DEVICE_FAMILY = "1,2";
				TEST_HOST = "$(BUILT_PRODUCTS_DIR)/ImageFeed.app/$(BUNDLE_EXECUTABLE_FOLDER_PATH)/ImageFeed";
			};
			name = Release;
		};
		4B9B7C592B146E740052C833 /* Debug */ = {
			isa = XCBuildConfiguration;
			buildSettings = {
				BUNDLE_LOADER = "$(TEST_HOST)";
				CODE_SIGN_STYLE = Automatic;
				CURRENT_PROJECT_VERSION = 1;
				DEVELOPMENT_TEAM = S49KFNZSXQ;
				GENERATE_INFOPLIST_FILE = YES;
				IPHONEOS_DEPLOYMENT_TARGET = 16.4;
				MARKETING_VERSION = 1.0;
				PRODUCT_BUNDLE_IDENTIFIER = "ru.yandex.practicum.ImageFeed-GNG.WebViewPresenterSpy";
				PRODUCT_NAME = "$(TARGET_NAME)";
				SWIFT_EMIT_LOC_STRINGS = NO;
				SWIFT_VERSION = 5.0;
				TARGETED_DEVICE_FAMILY = "1,2";
				TEST_HOST = "$(BUILT_PRODUCTS_DIR)/ImageFeed.app/$(BUNDLE_EXECUTABLE_FOLDER_PATH)/ImageFeed";
			};
			name = Debug;
		};
		4B9B7C5A2B146E740052C833 /* Release */ = {
			isa = XCBuildConfiguration;
			buildSettings = {
				BUNDLE_LOADER = "$(TEST_HOST)";
				CODE_SIGN_STYLE = Automatic;
				CURRENT_PROJECT_VERSION = 1;
				DEVELOPMENT_TEAM = S49KFNZSXQ;
				GENERATE_INFOPLIST_FILE = YES;
				IPHONEOS_DEPLOYMENT_TARGET = 16.4;
				MARKETING_VERSION = 1.0;
				PRODUCT_BUNDLE_IDENTIFIER = "ru.yandex.practicum.ImageFeed-GNG.WebViewPresenterSpy";
				PRODUCT_NAME = "$(TARGET_NAME)";
				SWIFT_EMIT_LOC_STRINGS = NO;
				SWIFT_VERSION = 5.0;
				TARGETED_DEVICE_FAMILY = "1,2";
				TEST_HOST = "$(BUILT_PRODUCTS_DIR)/ImageFeed.app/$(BUNDLE_EXECUTABLE_FOLDER_PATH)/ImageFeed";
			};
			name = Release;
		};
		4B9B7C672B147C7E0052C833 /* Debug */ = {
			isa = XCBuildConfiguration;
			buildSettings = {
				BUNDLE_LOADER = "$(TEST_HOST)";
				CODE_SIGN_STYLE = Automatic;
				CURRENT_PROJECT_VERSION = 1;
				DEVELOPMENT_TEAM = S49KFNZSXQ;
				GENERATE_INFOPLIST_FILE = YES;
				IPHONEOS_DEPLOYMENT_TARGET = 16.4;
				MARKETING_VERSION = 1.0;
				PRODUCT_BUNDLE_IDENTIFIER = "ru.yandex.practicum.ImageFeed-GNG.ImageListViewTests";
				PRODUCT_NAME = "$(TARGET_NAME)";
				SWIFT_EMIT_LOC_STRINGS = NO;
				SWIFT_VERSION = 5.0;
				TARGETED_DEVICE_FAMILY = "1,2";
				TEST_HOST = "$(BUILT_PRODUCTS_DIR)/ImageFeed.app/$(BUNDLE_EXECUTABLE_FOLDER_PATH)/ImageFeed";
			};
			name = Debug;
		};
		4B9B7C682B147C7E0052C833 /* Release */ = {
			isa = XCBuildConfiguration;
			buildSettings = {
				BUNDLE_LOADER = "$(TEST_HOST)";
				CODE_SIGN_STYLE = Automatic;
				CURRENT_PROJECT_VERSION = 1;
				DEVELOPMENT_TEAM = S49KFNZSXQ;
				GENERATE_INFOPLIST_FILE = YES;
				IPHONEOS_DEPLOYMENT_TARGET = 16.4;
				MARKETING_VERSION = 1.0;
				PRODUCT_BUNDLE_IDENTIFIER = "ru.yandex.practicum.ImageFeed-GNG.ImageListViewTests";
				PRODUCT_NAME = "$(TARGET_NAME)";
				SWIFT_EMIT_LOC_STRINGS = NO;
				SWIFT_VERSION = 5.0;
				TARGETED_DEVICE_FAMILY = "1,2";
				TEST_HOST = "$(BUILT_PRODUCTS_DIR)/ImageFeed.app/$(BUNDLE_EXECUTABLE_FOLDER_PATH)/ImageFeed";
			};
			name = Release;
		};
		4B9B7C742B147D9A0052C833 /* Debug */ = {
			isa = XCBuildConfiguration;
			buildSettings = {
				BUNDLE_LOADER = "$(TEST_HOST)";
				CODE_SIGN_STYLE = Automatic;
				CURRENT_PROJECT_VERSION = 1;
				DEVELOPMENT_TEAM = S49KFNZSXQ;
				GENERATE_INFOPLIST_FILE = YES;
				IPHONEOS_DEPLOYMENT_TARGET = 16.4;
				MARKETING_VERSION = 1.0;
				PRODUCT_BUNDLE_IDENTIFIER = "ru.yandex.practicum.ImageFeed-GNG.WebViewControllerSpy";
				PRODUCT_NAME = "$(TARGET_NAME)";
				SWIFT_EMIT_LOC_STRINGS = NO;
				SWIFT_VERSION = 5.0;
				TARGETED_DEVICE_FAMILY = "1,2";
				TEST_HOST = "$(BUILT_PRODUCTS_DIR)/ImageFeed.app/$(BUNDLE_EXECUTABLE_FOLDER_PATH)/ImageFeed";
			};
			name = Debug;
		};
		4B9B7C752B147D9A0052C833 /* Release */ = {
			isa = XCBuildConfiguration;
			buildSettings = {
				BUNDLE_LOADER = "$(TEST_HOST)";
				CODE_SIGN_STYLE = Automatic;
				CURRENT_PROJECT_VERSION = 1;
				DEVELOPMENT_TEAM = S49KFNZSXQ;
				GENERATE_INFOPLIST_FILE = YES;
				IPHONEOS_DEPLOYMENT_TARGET = 16.4;
				MARKETING_VERSION = 1.0;
				PRODUCT_BUNDLE_IDENTIFIER = "ru.yandex.practicum.ImageFeed-GNG.WebViewControllerSpy";
				PRODUCT_NAME = "$(TARGET_NAME)";
				SWIFT_EMIT_LOC_STRINGS = NO;
				SWIFT_VERSION = 5.0;
				TARGETED_DEVICE_FAMILY = "1,2";
				TEST_HOST = "$(BUILT_PRODUCTS_DIR)/ImageFeed.app/$(BUNDLE_EXECUTABLE_FOLDER_PATH)/ImageFeed";
			};
			name = Release;
		};
		4B9B7C842B147FF30052C833 /* Debug */ = {
			isa = XCBuildConfiguration;
			buildSettings = {
				BUNDLE_LOADER = "$(TEST_HOST)";
				CODE_SIGN_STYLE = Automatic;
				CURRENT_PROJECT_VERSION = 1;
				DEVELOPMENT_TEAM = S49KFNZSXQ;
				GENERATE_INFOPLIST_FILE = YES;
				IPHONEOS_DEPLOYMENT_TARGET = 16.4;
				MARKETING_VERSION = 1.0;
				PRODUCT_BUNDLE_IDENTIFIER = "ru.yandex.practicum.ImageFeed-GNG.ImageFeedUITest";
				PRODUCT_NAME = "$(TARGET_NAME)";
				SWIFT_EMIT_LOC_STRINGS = NO;
				SWIFT_VERSION = 5.0;
				TARGETED_DEVICE_FAMILY = "1,2";
				TEST_HOST = "$(BUILT_PRODUCTS_DIR)/ImageFeed.app/$(BUNDLE_EXECUTABLE_FOLDER_PATH)/ImageFeed";
			};
			name = Debug;
		};
		4B9B7C852B147FF30052C833 /* Release */ = {
			isa = XCBuildConfiguration;
			buildSettings = {
				BUNDLE_LOADER = "$(TEST_HOST)";
				CODE_SIGN_STYLE = Automatic;
				CURRENT_PROJECT_VERSION = 1;
				DEVELOPMENT_TEAM = S49KFNZSXQ;
				GENERATE_INFOPLIST_FILE = YES;
				IPHONEOS_DEPLOYMENT_TARGET = 16.4;
				MARKETING_VERSION = 1.0;
				PRODUCT_BUNDLE_IDENTIFIER = "ru.yandex.practicum.ImageFeed-GNG.ImageFeedUITest";
				PRODUCT_NAME = "$(TARGET_NAME)";
				SWIFT_EMIT_LOC_STRINGS = NO;
				SWIFT_VERSION = 5.0;
				TARGETED_DEVICE_FAMILY = "1,2";
				TEST_HOST = "$(BUILT_PRODUCTS_DIR)/ImageFeed.app/$(BUNDLE_EXECUTABLE_FOLDER_PATH)/ImageFeed";
			};
			name = Release;
		};
		4B9B7C912B1480420052C833 /* Debug */ = {
			isa = XCBuildConfiguration;
			buildSettings = {
				BUNDLE_LOADER = "$(TEST_HOST)";
				CODE_SIGN_STYLE = Automatic;
				CURRENT_PROJECT_VERSION = 1;
				DEVELOPMENT_TEAM = S49KFNZSXQ;
				GENERATE_INFOPLIST_FILE = YES;
				IPHONEOS_DEPLOYMENT_TARGET = 16.4;
				MARKETING_VERSION = 1.0;
				PRODUCT_BUNDLE_IDENTIFIER = "ru.yandex.practicum.ImageFeed-GNG.ImageFeedUITestsLaunchTests";
				PRODUCT_NAME = "$(TARGET_NAME)";
				SWIFT_EMIT_LOC_STRINGS = NO;
				SWIFT_VERSION = 5.0;
				TARGETED_DEVICE_FAMILY = "1,2";
				TEST_HOST = "$(BUILT_PRODUCTS_DIR)/ImageFeed.app/$(BUNDLE_EXECUTABLE_FOLDER_PATH)/ImageFeed";
			};
			name = Debug;
		};
		4B9B7C922B1480420052C833 /* Release */ = {
			isa = XCBuildConfiguration;
			buildSettings = {
				BUNDLE_LOADER = "$(TEST_HOST)";
				CODE_SIGN_STYLE = Automatic;
				CURRENT_PROJECT_VERSION = 1;
				DEVELOPMENT_TEAM = S49KFNZSXQ;
				GENERATE_INFOPLIST_FILE = YES;
				IPHONEOS_DEPLOYMENT_TARGET = 16.4;
				MARKETING_VERSION = 1.0;
				PRODUCT_BUNDLE_IDENTIFIER = "ru.yandex.practicum.ImageFeed-GNG.ImageFeedUITestsLaunchTests";
				PRODUCT_NAME = "$(TARGET_NAME)";
				SWIFT_EMIT_LOC_STRINGS = NO;
				SWIFT_VERSION = 5.0;
				TARGETED_DEVICE_FAMILY = "1,2";
				TEST_HOST = "$(BUILT_PRODUCTS_DIR)/ImageFeed.app/$(BUNDLE_EXECUTABLE_FOLDER_PATH)/ImageFeed";
			};
			name = Release;
		};
		4B9B7CA32B149B0C0052C833 /* Debug */ = {
			isa = XCBuildConfiguration;
			buildSettings = {
				BUNDLE_LOADER = "$(TEST_HOST)";
				CODE_SIGN_STYLE = Automatic;
				CURRENT_PROJECT_VERSION = 1;
				DEVELOPMENT_TEAM = S49KFNZSXQ;
				GENERATE_INFOPLIST_FILE = YES;
				IPHONEOS_DEPLOYMENT_TARGET = 16.4;
				MARKETING_VERSION = 1.0;
				PRODUCT_BUNDLE_IDENTIFIER = "ru.yandex.practicum.ImageFeed-GNG.ProfileTests";
				PRODUCT_NAME = "$(TARGET_NAME)";
				SWIFT_EMIT_LOC_STRINGS = NO;
				SWIFT_VERSION = 5.0;
				TARGETED_DEVICE_FAMILY = "1,2";
				TEST_HOST = "$(BUILT_PRODUCTS_DIR)/ImageFeed.app/$(BUNDLE_EXECUTABLE_FOLDER_PATH)/ImageFeed";
			};
			name = Debug;
		};
		4B9B7CA42B149B0C0052C833 /* Release */ = {
			isa = XCBuildConfiguration;
			buildSettings = {
				BUNDLE_LOADER = "$(TEST_HOST)";
				CODE_SIGN_STYLE = Automatic;
				CURRENT_PROJECT_VERSION = 1;
				DEVELOPMENT_TEAM = S49KFNZSXQ;
				GENERATE_INFOPLIST_FILE = YES;
				IPHONEOS_DEPLOYMENT_TARGET = 16.4;
				MARKETING_VERSION = 1.0;
				PRODUCT_BUNDLE_IDENTIFIER = "ru.yandex.practicum.ImageFeed-GNG.ProfileTests";
				PRODUCT_NAME = "$(TARGET_NAME)";
				SWIFT_EMIT_LOC_STRINGS = NO;
				SWIFT_VERSION = 5.0;
				TARGETED_DEVICE_FAMILY = "1,2";
				TEST_HOST = "$(BUILT_PRODUCTS_DIR)/ImageFeed.app/$(BUNDLE_EXECUTABLE_FOLDER_PATH)/ImageFeed";
			};
			name = Release;
		};
		4B9B7CB42B14F9150052C833 /* Debug */ = {
			isa = XCBuildConfiguration;
			buildSettings = {
				BUNDLE_LOADER = "$(TEST_HOST)";
				CODE_SIGN_STYLE = Automatic;
				CURRENT_PROJECT_VERSION = 1;
				DEVELOPMENT_TEAM = S49KFNZSXQ;
				GENERATE_INFOPLIST_FILE = YES;
				IPHONEOS_DEPLOYMENT_TARGET = 16.4;
				MARKETING_VERSION = 1.0;
				PRODUCT_BUNDLE_IDENTIFIER = "ru.yandex.practicum.ImageFeed-GNG.ImageFeedUITestsLaunchTest";
				PRODUCT_NAME = "$(TARGET_NAME)";
				SWIFT_EMIT_LOC_STRINGS = NO;
				SWIFT_VERSION = 5.0;
				TARGETED_DEVICE_FAMILY = "1,2";
				TEST_HOST = "$(BUILT_PRODUCTS_DIR)/ImageFeed.app/$(BUNDLE_EXECUTABLE_FOLDER_PATH)/ImageFeed";
			};
			name = Debug;
		};
		4B9B7CB52B14F9150052C833 /* Release */ = {
			isa = XCBuildConfiguration;
			buildSettings = {
				BUNDLE_LOADER = "$(TEST_HOST)";
				CODE_SIGN_STYLE = Automatic;
				CURRENT_PROJECT_VERSION = 1;
				DEVELOPMENT_TEAM = S49KFNZSXQ;
				GENERATE_INFOPLIST_FILE = YES;
				IPHONEOS_DEPLOYMENT_TARGET = 16.4;
				MARKETING_VERSION = 1.0;
				PRODUCT_BUNDLE_IDENTIFIER = "ru.yandex.practicum.ImageFeed-GNG.ImageFeedUITestsLaunchTest";
				PRODUCT_NAME = "$(TARGET_NAME)";
				SWIFT_EMIT_LOC_STRINGS = NO;
				SWIFT_VERSION = 5.0;
				TARGETED_DEVICE_FAMILY = "1,2";
				TEST_HOST = "$(BUILT_PRODUCTS_DIR)/ImageFeed.app/$(BUNDLE_EXECUTABLE_FOLDER_PATH)/ImageFeed";
			};
			name = Release;
		};
/* End XCBuildConfiguration section */

/* Begin XCConfigurationList section */
		4B0A308E2A29408A009693CA /* Build configuration list for PBXProject "ImageFeed" */ = {
			isa = XCConfigurationList;
			buildConfigurations = (
				4B0A30BE2A29408B009693CA /* Debug */,
				4B0A30BF2A29408B009693CA /* Release */,
			);
			defaultConfigurationIsVisible = 0;
			defaultConfigurationName = Release;
		};
		4B0A30C02A29408B009693CA /* Build configuration list for PBXNativeTarget "ImageFeed" */ = {
			isa = XCConfigurationList;
			buildConfigurations = (
				4B0A30C12A29408B009693CA /* Debug */,
				4B0A30C22A29408B009693CA /* Release */,
			);
			defaultConfigurationIsVisible = 0;
			defaultConfigurationName = Release;
		};
		4B4CB9B92B0F9D5400548D03 /* Build configuration list for PBXNativeTarget "ImageFeedTests" */ = {
			isa = XCConfigurationList;
			buildConfigurations = (
				4B4CB9BA2B0F9D5400548D03 /* Debug */,
				4B4CB9BB2B0F9D5400548D03 /* Release */,
			);
			defaultConfigurationIsVisible = 0;
			defaultConfigurationName = Release;
		};
		4B9B7C122B13E8270052C833 /* Build configuration list for PBXNativeTarget "ImageFeedTest" */ = {
			isa = XCConfigurationList;
			buildConfigurations = (
				4B9B7C102B13E8270052C833 /* Debug */,
				4B9B7C112B13E8270052C833 /* Release */,
			);
			defaultConfigurationIsVisible = 0;
			defaultConfigurationName = Release;
		};
		4B9B7C4B2B146E1C0052C833 /* Build configuration list for PBXNativeTarget "WebViewTests" */ = {
			isa = XCConfigurationList;
			buildConfigurations = (
				4B9B7C4C2B146E1C0052C833 /* Debug */,
				4B9B7C4D2B146E1C0052C833 /* Release */,
			);
			defaultConfigurationIsVisible = 0;
			defaultConfigurationName = Release;
		};
		4B9B7C582B146E740052C833 /* Build configuration list for PBXNativeTarget "WebViewPresenterSpy" */ = {
			isa = XCConfigurationList;
			buildConfigurations = (
				4B9B7C592B146E740052C833 /* Debug */,
				4B9B7C5A2B146E740052C833 /* Release */,
			);
			defaultConfigurationIsVisible = 0;
			defaultConfigurationName = Release;
		};
		4B9B7C662B147C7E0052C833 /* Build configuration list for PBXNativeTarget "ImageListViewTests" */ = {
			isa = XCConfigurationList;
			buildConfigurations = (
				4B9B7C672B147C7E0052C833 /* Debug */,
				4B9B7C682B147C7E0052C833 /* Release */,
			);
			defaultConfigurationIsVisible = 0;
			defaultConfigurationName = Release;
		};
		4B9B7C732B147D9A0052C833 /* Build configuration list for PBXNativeTarget "WebViewControllerSpy" */ = {
			isa = XCConfigurationList;
			buildConfigurations = (
				4B9B7C742B147D9A0052C833 /* Debug */,
				4B9B7C752B147D9A0052C833 /* Release */,
			);
			defaultConfigurationIsVisible = 0;
			defaultConfigurationName = Release;
		};
		4B9B7C832B147FF30052C833 /* Build configuration list for PBXNativeTarget "ImageFeedUITest" */ = {
			isa = XCConfigurationList;
			buildConfigurations = (
				4B9B7C842B147FF30052C833 /* Debug */,
				4B9B7C852B147FF30052C833 /* Release */,
			);
			defaultConfigurationIsVisible = 0;
			defaultConfigurationName = Release;
		};
		4B9B7C902B1480420052C833 /* Build configuration list for PBXNativeTarget "ImageFeedUITestsLaunchTests" */ = {
			isa = XCConfigurationList;
			buildConfigurations = (
				4B9B7C912B1480420052C833 /* Debug */,
				4B9B7C922B1480420052C833 /* Release */,
			);
			defaultConfigurationIsVisible = 0;
			defaultConfigurationName = Release;
		};
		4B9B7CA22B149B0C0052C833 /* Build configuration list for PBXNativeTarget "ProfileTests" */ = {
			isa = XCConfigurationList;
			buildConfigurations = (
				4B9B7CA32B149B0C0052C833 /* Debug */,
				4B9B7CA42B149B0C0052C833 /* Release */,
			);
			defaultConfigurationIsVisible = 0;
			defaultConfigurationName = Release;
		};
		4B9B7CB32B14F9150052C833 /* Build configuration list for PBXNativeTarget "ImageFeedUITestsLaunchTest" */ = {
			isa = XCConfigurationList;
			buildConfigurations = (
				4B9B7CB42B14F9150052C833 /* Debug */,
				4B9B7CB52B14F9150052C833 /* Release */,
			);
			defaultConfigurationIsVisible = 0;
			defaultConfigurationName = Release;
		};
/* End XCConfigurationList section */

/* Begin XCRemoteSwiftPackageReference section */
		4B01BEC92B0954D500A46A4C /* XCRemoteSwiftPackageReference "ProgressHUD" */ = {
			isa = XCRemoteSwiftPackageReference;
			repositoryURL = "https://github.com/relatedcode/ProgressHUD";
			requirement = {
				kind = exactVersion;
				version = 13.6.2;
			};
		};
		4B01BEDC2B0AD12700A46A4C /* XCRemoteSwiftPackageReference "Kingfisher" */ = {
			isa = XCRemoteSwiftPackageReference;
			repositoryURL = "https://github.com/onevcat/Kingfisher";
			requirement = {
				kind = upToNextMajorVersion;
				minimumVersion = 7.7.0;
			};
		};
		4B01BEDF2B0ADD0D00A46A4C /* XCRemoteSwiftPackageReference "SwiftKeychainWrapper" */ = {
			isa = XCRemoteSwiftPackageReference;
			repositoryURL = "https://github.com/jrendel/SwiftKeychainWrapper";
			requirement = {
				kind = upToNextMajorVersion;
				minimumVersion = 4.0.0;
			};
		};
/* End XCRemoteSwiftPackageReference section */

/* Begin XCSwiftPackageProductDependency section */
		4B01BECA2B0954D500A46A4C /* ProgressHUD */ = {
			isa = XCSwiftPackageProductDependency;
			package = 4B01BEC92B0954D500A46A4C /* XCRemoteSwiftPackageReference "ProgressHUD" */;
			productName = ProgressHUD;
		};
		4B01BEDD2B0AD12700A46A4C /* Kingfisher */ = {
			isa = XCSwiftPackageProductDependency;
			package = 4B01BEDC2B0AD12700A46A4C /* XCRemoteSwiftPackageReference "Kingfisher" */;
			productName = Kingfisher;
		};
		4B01BEE02B0ADD0D00A46A4C /* SwiftKeychainWrapper */ = {
			isa = XCSwiftPackageProductDependency;
			package = 4B01BEDF2B0ADD0D00A46A4C /* XCRemoteSwiftPackageReference "SwiftKeychainWrapper" */;
			productName = SwiftKeychainWrapper;
		};
/* End XCSwiftPackageProductDependency section */
	};
	rootObject = 4B0A308B2A29408A009693CA /* Project object */;
}
